// !$*UTF8*$!
{
	archiveVersion = 1;
	classes = {
	};
	objectVersion = 46;
	objects = {

/* Begin PBXBuildFile section */
		0510867B1D44E451006FA048 /* Settings.swift in Sources */ = {isa = PBXBuildFile; fileRef = 0510867A1D44E451006FA048 /* Settings.swift */; };
		0540659E1D430DE300E460F6 /* User.swift in Sources */ = {isa = PBXBuildFile; fileRef = 0540659D1D430DE300E460F6 /* User.swift */; };
		054065A01D43146000E460F6 /* Serializable.swift in Sources */ = {isa = PBXBuildFile; fileRef = 0540659F1D43146000E460F6 /* Serializable.swift */; };
		054065A31D43167400E460F6 /* UserTests.swift in Sources */ = {isa = PBXBuildFile; fileRef = 054065A21D43167400E460F6 /* UserTests.swift */; };
		058DBBB11D4659780045E0FD /* SettingsTests.swift in Sources */ = {isa = PBXBuildFile; fileRef = 058DBBB01D4659780045E0FD /* SettingsTests.swift */; };
		05BC4F311D431D77002686E2 /* HiPDAUITests.swift in Sources */ = {isa = PBXBuildFile; fileRef = 05BC4F301D431D77002686E2 /* HiPDAUITests.swift */; };
		05BC4F331D436642002686E2 /* Account.swift in Sources */ = {isa = PBXBuildFile; fileRef = 05BC4F321D436642002686E2 /* Account.swift */; };
		05BC4F351D436ADA002686E2 /* AccountTests.swift in Sources */ = {isa = PBXBuildFile; fileRef = 05BC4F341D436ADA002686E2 /* AccountTests.swift */; };
		05C7FE221D3E7DD6005D0D0B /* Helper.swift in Sources */ = {isa = PBXBuildFile; fileRef = 05C7FE211D3E7DD6005D0D0B /* Helper.swift */; };
		05D489751D3E5E23000A086B /* AppDelegate.swift in Sources */ = {isa = PBXBuildFile; fileRef = 05D489741D3E5E23000A086B /* AppDelegate.swift */; };
		05D489771D3E5E23000A086B /* ViewController.swift in Sources */ = {isa = PBXBuildFile; fileRef = 05D489761D3E5E23000A086B /* ViewController.swift */; };
		05D4897A1D3E5E23000A086B /* Main.storyboard in Resources */ = {isa = PBXBuildFile; fileRef = 05D489781D3E5E23000A086B /* Main.storyboard */; };
		05D4897C1D3E5E23000A086B /* Assets.xcassets in Resources */ = {isa = PBXBuildFile; fileRef = 05D4897B1D3E5E23000A086B /* Assets.xcassets */; };
		05D4897F1D3E5E23000A086B /* LaunchScreen.storyboard in Resources */ = {isa = PBXBuildFile; fileRef = 05D4897D1D3E5E23000A086B /* LaunchScreen.storyboard */; };
		05E327BD1D4A3D81003E76F1 /* HomeTabBarControllerDelegate.swift in Sources */ = {isa = PBXBuildFile; fileRef = 05E327BC1D4A3D81003E76F1 /* HomeTabBarControllerDelegate.swift */; };
		1CBC1F5503355BA9AA93653B /* Pods_HiPDAUITests.framework in Frameworks */ = {isa = PBXBuildFile; fileRef = 753714CB2B1C478F423F753C /* Pods_HiPDAUITests.framework */; };
		355DD1CE78EB6671D51A2DE7 /* Pods_HiPDA.framework in Frameworks */ = {isa = PBXBuildFile; fileRef = 7C733C1B811E239B20C38FCC /* Pods_HiPDA.framework */; };
		47E407AD567DB9F1CE87E03E /* Pods_HiPDATests.framework in Frameworks */ = {isa = PBXBuildFile; fileRef = 77FDF8600BAF7ACBBEE655F6 /* Pods_HiPDATests.framework */; };
/* End PBXBuildFile section */

/* Begin PBXContainerItemProxy section */
		05D489861D3E5E23000A086B /* PBXContainerItemProxy */ = {
			isa = PBXContainerItemProxy;
			containerPortal = 05D489691D3E5E23000A086B /* Project object */;
			proxyType = 1;
			remoteGlobalIDString = 05D489701D3E5E23000A086B;
			remoteInfo = HiPDA;
		};
		05D489911D3E5E23000A086B /* PBXContainerItemProxy */ = {
			isa = PBXContainerItemProxy;
			containerPortal = 05D489691D3E5E23000A086B /* Project object */;
			proxyType = 1;
			remoteGlobalIDString = 05D489701D3E5E23000A086B;
			remoteInfo = HiPDA;
		};
/* End PBXContainerItemProxy section */

/* Begin PBXFileReference section */
		0510867A1D44E451006FA048 /* Settings.swift */ = {isa = PBXFileReference; fileEncoding = 4; lastKnownFileType = sourcecode.swift; path = Settings.swift; sourceTree = "<group>"; };
		0540659D1D430DE300E460F6 /* User.swift */ = {isa = PBXFileReference; fileEncoding = 4; lastKnownFileType = sourcecode.swift; path = User.swift; sourceTree = "<group>"; };
		0540659F1D43146000E460F6 /* Serializable.swift */ = {isa = PBXFileReference; fileEncoding = 4; lastKnownFileType = sourcecode.swift; path = Serializable.swift; sourceTree = "<group>"; };
		054065A11D43167300E460F6 /* HiPDATests-Bridging-Header.h */ = {isa = PBXFileReference; lastKnownFileType = sourcecode.c.h; path = "HiPDATests-Bridging-Header.h"; sourceTree = "<group>"; };
		054065A21D43167400E460F6 /* UserTests.swift */ = {isa = PBXFileReference; fileEncoding = 4; lastKnownFileType = sourcecode.swift; path = UserTests.swift; sourceTree = "<group>"; };
		058DBBB01D4659780045E0FD /* SettingsTests.swift */ = {isa = PBXFileReference; fileEncoding = 4; lastKnownFileType = sourcecode.swift; path = SettingsTests.swift; sourceTree = "<group>"; };
		05BC4F2F1D431D76002686E2 /* HiPDAUITests-Bridging-Header.h */ = {isa = PBXFileReference; lastKnownFileType = sourcecode.c.h; path = "HiPDAUITests-Bridging-Header.h"; sourceTree = "<group>"; };
		05BC4F301D431D77002686E2 /* HiPDAUITests.swift */ = {isa = PBXFileReference; fileEncoding = 4; lastKnownFileType = sourcecode.swift; path = HiPDAUITests.swift; sourceTree = "<group>"; };
		05BC4F321D436642002686E2 /* Account.swift */ = {isa = PBXFileReference; fileEncoding = 4; lastKnownFileType = sourcecode.swift; path = Account.swift; sourceTree = "<group>"; };
		05BC4F341D436ADA002686E2 /* AccountTests.swift */ = {isa = PBXFileReference; fileEncoding = 4; lastKnownFileType = sourcecode.swift; path = AccountTests.swift; sourceTree = "<group>"; };
		05C7FE211D3E7DD6005D0D0B /* Helper.swift */ = {isa = PBXFileReference; fileEncoding = 4; lastKnownFileType = sourcecode.swift; path = Helper.swift; sourceTree = "<group>"; };
		05D489711D3E5E23000A086B /* HiPDA.app */ = {isa = PBXFileReference; explicitFileType = wrapper.application; includeInIndex = 0; path = HiPDA.app; sourceTree = BUILT_PRODUCTS_DIR; };
		05D489741D3E5E23000A086B /* AppDelegate.swift */ = {isa = PBXFileReference; lastKnownFileType = sourcecode.swift; path = AppDelegate.swift; sourceTree = "<group>"; };
		05D489761D3E5E23000A086B /* ViewController.swift */ = {isa = PBXFileReference; lastKnownFileType = sourcecode.swift; path = ViewController.swift; sourceTree = "<group>"; };
		05D489791D3E5E23000A086B /* Base */ = {isa = PBXFileReference; lastKnownFileType = file.storyboard; name = Base; path = Base.lproj/Main.storyboard; sourceTree = "<group>"; };
		05D4897B1D3E5E23000A086B /* Assets.xcassets */ = {isa = PBXFileReference; lastKnownFileType = folder.assetcatalog; path = Assets.xcassets; sourceTree = "<group>"; };
		05D4897E1D3E5E23000A086B /* Base */ = {isa = PBXFileReference; lastKnownFileType = file.storyboard; name = Base; path = Base.lproj/LaunchScreen.storyboard; sourceTree = "<group>"; };
		05D489801D3E5E23000A086B /* Info.plist */ = {isa = PBXFileReference; lastKnownFileType = text.plist.xml; path = Info.plist; sourceTree = "<group>"; };
		05D489851D3E5E23000A086B /* HiPDATests.xctest */ = {isa = PBXFileReference; explicitFileType = wrapper.cfbundle; includeInIndex = 0; path = HiPDATests.xctest; sourceTree = BUILT_PRODUCTS_DIR; };
		05D4898B1D3E5E23000A086B /* Info.plist */ = {isa = PBXFileReference; lastKnownFileType = text.plist.xml; path = Info.plist; sourceTree = "<group>"; };
		05D489901D3E5E23000A086B /* HiPDAUITests.xctest */ = {isa = PBXFileReference; explicitFileType = wrapper.cfbundle; includeInIndex = 0; path = HiPDAUITests.xctest; sourceTree = BUILT_PRODUCTS_DIR; };
		05D489961D3E5E23000A086B /* Info.plist */ = {isa = PBXFileReference; lastKnownFileType = text.plist.xml; path = Info.plist; sourceTree = "<group>"; };
		05E327BC1D4A3D81003E76F1 /* HomeTabBarControllerDelegate.swift */ = {isa = PBXFileReference; fileEncoding = 4; lastKnownFileType = sourcecode.swift; path = HomeTabBarControllerDelegate.swift; sourceTree = "<group>"; };
		090F1397F1C40589BDE73F3B /* Pods-HiPDA.release.xcconfig */ = {isa = PBXFileReference; includeInIndex = 1; lastKnownFileType = text.xcconfig; name = "Pods-HiPDA.release.xcconfig"; path = "Pods/Target Support Files/Pods-HiPDA/Pods-HiPDA.release.xcconfig"; sourceTree = "<group>"; };
		4CD05B98D0E7B40DEEAAEF8C /* Pods-HiPDATests.release.xcconfig */ = {isa = PBXFileReference; includeInIndex = 1; lastKnownFileType = text.xcconfig; name = "Pods-HiPDATests.release.xcconfig"; path = "Pods/Target Support Files/Pods-HiPDATests/Pods-HiPDATests.release.xcconfig"; sourceTree = "<group>"; };
		6B60E63009E9B59B012B6606 /* Pods-HiPDAUITests.release.xcconfig */ = {isa = PBXFileReference; includeInIndex = 1; lastKnownFileType = text.xcconfig; name = "Pods-HiPDAUITests.release.xcconfig"; path = "Pods/Target Support Files/Pods-HiPDAUITests/Pods-HiPDAUITests.release.xcconfig"; sourceTree = "<group>"; };
		753714CB2B1C478F423F753C /* Pods_HiPDAUITests.framework */ = {isa = PBXFileReference; explicitFileType = wrapper.framework; includeInIndex = 0; path = Pods_HiPDAUITests.framework; sourceTree = BUILT_PRODUCTS_DIR; };
		77FDF8600BAF7ACBBEE655F6 /* Pods_HiPDATests.framework */ = {isa = PBXFileReference; explicitFileType = wrapper.framework; includeInIndex = 0; path = Pods_HiPDATests.framework; sourceTree = BUILT_PRODUCTS_DIR; };
		7C733C1B811E239B20C38FCC /* Pods_HiPDA.framework */ = {isa = PBXFileReference; explicitFileType = wrapper.framework; includeInIndex = 0; path = Pods_HiPDA.framework; sourceTree = BUILT_PRODUCTS_DIR; };
		D730B953B637DA6E5243FFE1 /* Pods-HiPDAUITests.debug.xcconfig */ = {isa = PBXFileReference; includeInIndex = 1; lastKnownFileType = text.xcconfig; name = "Pods-HiPDAUITests.debug.xcconfig"; path = "Pods/Target Support Files/Pods-HiPDAUITests/Pods-HiPDAUITests.debug.xcconfig"; sourceTree = "<group>"; };
		E3FEE2AD1801A1D516039B47 /* Pods-HiPDA.debug.xcconfig */ = {isa = PBXFileReference; includeInIndex = 1; lastKnownFileType = text.xcconfig; name = "Pods-HiPDA.debug.xcconfig"; path = "Pods/Target Support Files/Pods-HiPDA/Pods-HiPDA.debug.xcconfig"; sourceTree = "<group>"; };
		FDD18CDC0CED13B5CC3B7361 /* Pods-HiPDATests.debug.xcconfig */ = {isa = PBXFileReference; includeInIndex = 1; lastKnownFileType = text.xcconfig; name = "Pods-HiPDATests.debug.xcconfig"; path = "Pods/Target Support Files/Pods-HiPDATests/Pods-HiPDATests.debug.xcconfig"; sourceTree = "<group>"; };
/* End PBXFileReference section */

/* Begin PBXFrameworksBuildPhase section */
		05D4896E1D3E5E23000A086B /* Frameworks */ = {
			isa = PBXFrameworksBuildPhase;
			buildActionMask = 2147483647;
			files = (
				355DD1CE78EB6671D51A2DE7 /* Pods_HiPDA.framework in Frameworks */,
			);
			runOnlyForDeploymentPostprocessing = 0;
		};
		05D489821D3E5E23000A086B /* Frameworks */ = {
			isa = PBXFrameworksBuildPhase;
			buildActionMask = 2147483647;
			files = (
				47E407AD567DB9F1CE87E03E /* Pods_HiPDATests.framework in Frameworks */,
			);
			runOnlyForDeploymentPostprocessing = 0;
		};
		05D4898D1D3E5E23000A086B /* Frameworks */ = {
			isa = PBXFrameworksBuildPhase;
			buildActionMask = 2147483647;
			files = (
				1CBC1F5503355BA9AA93653B /* Pods_HiPDAUITests.framework in Frameworks */,
			);
			runOnlyForDeploymentPostprocessing = 0;
		};
/* End PBXFrameworksBuildPhase section */

/* Begin PBXGroup section */
		0540659B1D430DB900E460F6 /* Helper */ = {
			isa = PBXGroup;
			children = (
				05C7FE211D3E7DD6005D0D0B /* Helper.swift */,
			);
			name = Helper;
			sourceTree = "<group>";
		};
		0540659C1D430DC500E460F6 /* Models */ = {
			isa = PBXGroup;
			children = (
				0540659F1D43146000E460F6 /* Serializable.swift */,
				0540659D1D430DE300E460F6 /* User.swift */,
				05BC4F321D436642002686E2 /* Account.swift */,
				0510867A1D44E451006FA048 /* Settings.swift */,
			);
			name = Models;
			sourceTree = "<group>";
		};
		05D489681D3E5E23000A086B = {
			isa = PBXGroup;
			children = (
				05D489731D3E5E23000A086B /* HiPDA */,
				05D489881D3E5E23000A086B /* HiPDATests */,
				05D489931D3E5E23000A086B /* HiPDAUITests */,
				05D489721D3E5E23000A086B /* Products */,
				D600A8445209BC893831654B /* Pods */,
				85D8DB6094FE49E2B6EA6C7C /* Frameworks */,
			);
			sourceTree = "<group>";
		};
		05D489721D3E5E23000A086B /* Products */ = {
			isa = PBXGroup;
			children = (
				05D489711D3E5E23000A086B /* HiPDA.app */,
				05D489851D3E5E23000A086B /* HiPDATests.xctest */,
				05D489901D3E5E23000A086B /* HiPDAUITests.xctest */,
			);
			name = Products;
			sourceTree = "<group>";
		};
		05D489731D3E5E23000A086B /* HiPDA */ = {
			isa = PBXGroup;
			children = (
				0540659C1D430DC500E460F6 /* Models */,
				0540659B1D430DB900E460F6 /* Helper */,
				05E327BB1D4A3D56003E76F1 /* ViewModels */,
				05D489741D3E5E23000A086B /* AppDelegate.swift */,
				05D489761D3E5E23000A086B /* ViewController.swift */,
				05D489781D3E5E23000A086B /* Main.storyboard */,
				05D4897B1D3E5E23000A086B /* Assets.xcassets */,
				05D4897D1D3E5E23000A086B /* LaunchScreen.storyboard */,
				05D489801D3E5E23000A086B /* Info.plist */,
			);
			path = HiPDA;
			sourceTree = "<group>";
		};
		05D489881D3E5E23000A086B /* HiPDATests */ = {
			isa = PBXGroup;
			children = (
				05D4898B1D3E5E23000A086B /* Info.plist */,
				054065A21D43167400E460F6 /* UserTests.swift */,
				05BC4F341D436ADA002686E2 /* AccountTests.swift */,
				058DBBB01D4659780045E0FD /* SettingsTests.swift */,
				054065A11D43167300E460F6 /* HiPDATests-Bridging-Header.h */,
			);
			path = HiPDATests;
			sourceTree = "<group>";
		};
		05D489931D3E5E23000A086B /* HiPDAUITests */ = {
			isa = PBXGroup;
			children = (
				05D489961D3E5E23000A086B /* Info.plist */,
				05BC4F301D431D77002686E2 /* HiPDAUITests.swift */,
				05BC4F2F1D431D76002686E2 /* HiPDAUITests-Bridging-Header.h */,
			);
			path = HiPDAUITests;
			sourceTree = "<group>";
		};
		05E327BB1D4A3D56003E76F1 /* ViewModels */ = {
			isa = PBXGroup;
			children = (
				05E327BC1D4A3D81003E76F1 /* HomeTabBarControllerDelegate.swift */,
			);
			name = ViewModels;
			sourceTree = "<group>";
		};
		85D8DB6094FE49E2B6EA6C7C /* Frameworks */ = {
			isa = PBXGroup;
			children = (
				7C733C1B811E239B20C38FCC /* Pods_HiPDA.framework */,
				77FDF8600BAF7ACBBEE655F6 /* Pods_HiPDATests.framework */,
				753714CB2B1C478F423F753C /* Pods_HiPDAUITests.framework */,
			);
			name = Frameworks;
			sourceTree = "<group>";
		};
		D600A8445209BC893831654B /* Pods */ = {
			isa = PBXGroup;
			children = (
				E3FEE2AD1801A1D516039B47 /* Pods-HiPDA.debug.xcconfig */,
				090F1397F1C40589BDE73F3B /* Pods-HiPDA.release.xcconfig */,
				FDD18CDC0CED13B5CC3B7361 /* Pods-HiPDATests.debug.xcconfig */,
				4CD05B98D0E7B40DEEAAEF8C /* Pods-HiPDATests.release.xcconfig */,
				D730B953B637DA6E5243FFE1 /* Pods-HiPDAUITests.debug.xcconfig */,
				6B60E63009E9B59B012B6606 /* Pods-HiPDAUITests.release.xcconfig */,
			);
			name = Pods;
			sourceTree = "<group>";
		};
/* End PBXGroup section */

/* Begin PBXNativeTarget section */
		05D489701D3E5E23000A086B /* HiPDA */ = {
			isa = PBXNativeTarget;
			buildConfigurationList = 05D489991D3E5E23000A086B /* Build configuration list for PBXNativeTarget "HiPDA" */;
			buildPhases = (
				C95C3B42383B0E09365FF564 /* 📦 Check Pods Manifest.lock */,
				05D4896D1D3E5E23000A086B /* Sources */,
				05D4896E1D3E5E23000A086B /* Frameworks */,
				05D4896F1D3E5E23000A086B /* Resources */,
				2427380ED53DC087DDD61F14 /* 📦 Embed Pods Frameworks */,
				A68560A9DC840911E47F075A /* 📦 Copy Pods Resources */,
				05C7FE201D3E7BC4005D0D0B /* ShellScript */,
			);
			buildRules = (
			);
			dependencies = (
			);
			name = HiPDA;
			productName = HiPDA;
			productReference = 05D489711D3E5E23000A086B /* HiPDA.app */;
			productType = "com.apple.product-type.application";
		};
		05D489841D3E5E23000A086B /* HiPDATests */ = {
			isa = PBXNativeTarget;
			buildConfigurationList = 05D4899C1D3E5E23000A086B /* Build configuration list for PBXNativeTarget "HiPDATests" */;
			buildPhases = (
				15EC3954514B4A90795BFBEE /* 📦 Check Pods Manifest.lock */,
				05D489811D3E5E23000A086B /* Sources */,
				05D489821D3E5E23000A086B /* Frameworks */,
				05D489831D3E5E23000A086B /* Resources */,
				2494D127841036271D72C927 /* 📦 Embed Pods Frameworks */,
				81E809E4DA959951940486BA /* 📦 Copy Pods Resources */,
				058F4CEB1D4378C5000DEBE4 /* ShellScript */,
			);
			buildRules = (
			);
			dependencies = (
				05D489871D3E5E23000A086B /* PBXTargetDependency */,
			);
			name = HiPDATests;
			productName = HiPDATests;
			productReference = 05D489851D3E5E23000A086B /* HiPDATests.xctest */;
			productType = "com.apple.product-type.bundle.unit-test";
		};
		05D4898F1D3E5E23000A086B /* HiPDAUITests */ = {
			isa = PBXNativeTarget;
			buildConfigurationList = 05D4899F1D3E5E23000A086B /* Build configuration list for PBXNativeTarget "HiPDAUITests" */;
			buildPhases = (
				F26777E2EE7C9699EB1D9F9F /* 📦 Check Pods Manifest.lock */,
				05D4898C1D3E5E23000A086B /* Sources */,
				05D4898D1D3E5E23000A086B /* Frameworks */,
				05D4898E1D3E5E23000A086B /* Resources */,
				43768148ADB475793B84B66C /* 📦 Copy Pods Resources */,
			);
			buildRules = (
			);
			dependencies = (
				05D489921D3E5E23000A086B /* PBXTargetDependency */,
			);
			name = HiPDAUITests;
			productName = HiPDAUITests;
			productReference = 05D489901D3E5E23000A086B /* HiPDAUITests.xctest */;
			productType = "com.apple.product-type.bundle.ui-testing";
		};
/* End PBXNativeTarget section */

/* Begin PBXProject section */
		05D489691D3E5E23000A086B /* Project object */ = {
			isa = PBXProject;
			attributes = {
				LastSwiftUpdateCheck = 0800;
				LastUpgradeCheck = 0800;
				ORGANIZATIONNAME = HiPDA;
				TargetAttributes = {
					05D489701D3E5E23000A086B = {
						CreatedOnToolsVersion = 8.0;
						DevelopmentTeam = ZG65V92KVZ;
						DevelopmentTeamName = "震 雷 (Personal Team)";
						ProvisioningStyle = Manual;
					};
					05D489841D3E5E23000A086B = {
						CreatedOnToolsVersion = 8.0;
						DevelopmentTeam = ZG65V92KVZ;
						DevelopmentTeamName = "震 雷 (Personal Team)";
						LastSwiftMigration = 0800;
						ProvisioningStyle = Automatic;
						TestTargetID = 05D489701D3E5E23000A086B;
					};
					05D4898F1D3E5E23000A086B = {
						CreatedOnToolsVersion = 8.0;
						DevelopmentTeam = ZG65V92KVZ;
						DevelopmentTeamName = "震 雷 (Personal Team)";
						LastSwiftMigration = 0800;
						ProvisioningStyle = Automatic;
						TestTargetID = 05D489701D3E5E23000A086B;
					};
				};
			};
			buildConfigurationList = 05D4896C1D3E5E23000A086B /* Build configuration list for PBXProject "HiPDA" */;
			compatibilityVersion = "Xcode 3.2";
			developmentRegion = English;
			hasScannedForEncodings = 0;
			knownRegions = (
				en,
				Base,
			);
			mainGroup = 05D489681D3E5E23000A086B;
			productRefGroup = 05D489721D3E5E23000A086B /* Products */;
			projectDirPath = "";
			projectRoot = "";
			targets = (
				05D489701D3E5E23000A086B /* HiPDA */,
				05D489841D3E5E23000A086B /* HiPDATests */,
				05D4898F1D3E5E23000A086B /* HiPDAUITests */,
			);
		};
/* End PBXProject section */

/* Begin PBXResourcesBuildPhase section */
		05D4896F1D3E5E23000A086B /* Resources */ = {
			isa = PBXResourcesBuildPhase;
			buildActionMask = 2147483647;
			files = (
				05D4897F1D3E5E23000A086B /* LaunchScreen.storyboard in Resources */,
				05D4897C1D3E5E23000A086B /* Assets.xcassets in Resources */,
				05D4897A1D3E5E23000A086B /* Main.storyboard in Resources */,
			);
			runOnlyForDeploymentPostprocessing = 0;
		};
		05D489831D3E5E23000A086B /* Resources */ = {
			isa = PBXResourcesBuildPhase;
			buildActionMask = 2147483647;
			files = (
			);
			runOnlyForDeploymentPostprocessing = 0;
		};
		05D4898E1D3E5E23000A086B /* Resources */ = {
			isa = PBXResourcesBuildPhase;
			buildActionMask = 2147483647;
			files = (
			);
			runOnlyForDeploymentPostprocessing = 0;
		};
/* End PBXResourcesBuildPhase section */

/* Begin PBXShellScriptBuildPhase section */
		058F4CEB1D4378C5000DEBE4 /* ShellScript */ = {
			isa = PBXShellScriptBuildPhase;
			buildActionMask = 2147483647;
			files = (
			);
			inputPaths = (
			);
			outputPaths = (
			);
			runOnlyForDeploymentPostprocessing = 0;
			shellPath = /bin/sh;
			shellScript = "codesign --verify --force --sign \"$CODE_SIGN_IDENTITY\" \"$CODESIGNING_FOLDER_PATH\"";
		};
		05C7FE201D3E7BC4005D0D0B /* ShellScript */ = {
			isa = PBXShellScriptBuildPhase;
			buildActionMask = 2147483647;
			files = (
			);
			inputPaths = (
			);
			outputPaths = (
			);
			runOnlyForDeploymentPostprocessing = 0;
			shellPath = /bin/sh;
			shellScript = "\"${PODS_ROOT}/Fabric/run\" 8ed2b7092d6a6515dc0a79046a030c029cd465b8 e8df426921cf9708066c38a7eeb9b17e6900969af7e937c7848b64b6e4c33011";
		};
		15EC3954514B4A90795BFBEE /* 📦 Check Pods Manifest.lock */ = {
			isa = PBXShellScriptBuildPhase;
			buildActionMask = 2147483647;
			files = (
			);
			inputPaths = (
			);
			name = "📦 Check Pods Manifest.lock";
			outputPaths = (
			);
			runOnlyForDeploymentPostprocessing = 0;
			shellPath = /bin/sh;
			shellScript = "diff \"${PODS_ROOT}/../Podfile.lock\" \"${PODS_ROOT}/Manifest.lock\" > /dev/null\nif [[ $? != 0 ]] ; then\n    cat << EOM\nerror: The sandbox is not in sync with the Podfile.lock. Run 'pod install' or update your CocoaPods installation.\nEOM\n    exit 1\nfi\n";
			showEnvVarsInLog = 0;
		};
		2427380ED53DC087DDD61F14 /* 📦 Embed Pods Frameworks */ = {
			isa = PBXShellScriptBuildPhase;
			buildActionMask = 2147483647;
			files = (
			);
			inputPaths = (
			);
			name = "📦 Embed Pods Frameworks";
			outputPaths = (
			);
			runOnlyForDeploymentPostprocessing = 0;
			shellPath = /bin/sh;
			shellScript = "\"${SRCROOT}/Pods/Target Support Files/Pods-HiPDA/Pods-HiPDA-frameworks.sh\"\n";
			showEnvVarsInLog = 0;
		};
		2494D127841036271D72C927 /* 📦 Embed Pods Frameworks */ = {
			isa = PBXShellScriptBuildPhase;
			buildActionMask = 2147483647;
			files = (
			);
			inputPaths = (
			);
			name = "📦 Embed Pods Frameworks";
			outputPaths = (
			);
			runOnlyForDeploymentPostprocessing = 0;
			shellPath = /bin/sh;
			shellScript = "\"${SRCROOT}/Pods/Target Support Files/Pods-HiPDATests/Pods-HiPDATests-frameworks.sh\"\n";
			showEnvVarsInLog = 0;
		};
		43768148ADB475793B84B66C /* 📦 Copy Pods Resources */ = {
			isa = PBXShellScriptBuildPhase;
			buildActionMask = 2147483647;
			files = (
			);
			inputPaths = (
			);
			name = "📦 Copy Pods Resources";
			outputPaths = (
			);
			runOnlyForDeploymentPostprocessing = 0;
			shellPath = /bin/sh;
			shellScript = "\"${SRCROOT}/Pods/Target Support Files/Pods-HiPDAUITests/Pods-HiPDAUITests-resources.sh\"\n";
			showEnvVarsInLog = 0;
		};
		81E809E4DA959951940486BA /* 📦 Copy Pods Resources */ = {
			isa = PBXShellScriptBuildPhase;
			buildActionMask = 2147483647;
			files = (
			);
			inputPaths = (
			);
			name = "📦 Copy Pods Resources";
			outputPaths = (
			);
			runOnlyForDeploymentPostprocessing = 0;
			shellPath = /bin/sh;
			shellScript = "\"${SRCROOT}/Pods/Target Support Files/Pods-HiPDATests/Pods-HiPDATests-resources.sh\"\n";
			showEnvVarsInLog = 0;
		};
		A68560A9DC840911E47F075A /* 📦 Copy Pods Resources */ = {
			isa = PBXShellScriptBuildPhase;
			buildActionMask = 2147483647;
			files = (
			);
			inputPaths = (
			);
			name = "📦 Copy Pods Resources";
			outputPaths = (
			);
			runOnlyForDeploymentPostprocessing = 0;
			shellPath = /bin/sh;
			shellScript = "\"${SRCROOT}/Pods/Target Support Files/Pods-HiPDA/Pods-HiPDA-resources.sh\"\n";
			showEnvVarsInLog = 0;
		};
		C95C3B42383B0E09365FF564 /* 📦 Check Pods Manifest.lock */ = {
			isa = PBXShellScriptBuildPhase;
			buildActionMask = 2147483647;
			files = (
			);
			inputPaths = (
			);
			name = "📦 Check Pods Manifest.lock";
			outputPaths = (
			);
			runOnlyForDeploymentPostprocessing = 0;
			shellPath = /bin/sh;
			shellScript = "diff \"${PODS_ROOT}/../Podfile.lock\" \"${PODS_ROOT}/Manifest.lock\" > /dev/null\nif [[ $? != 0 ]] ; then\n    cat << EOM\nerror: The sandbox is not in sync with the Podfile.lock. Run 'pod install' or update your CocoaPods installation.\nEOM\n    exit 1\nfi\n";
			showEnvVarsInLog = 0;
		};
		F26777E2EE7C9699EB1D9F9F /* 📦 Check Pods Manifest.lock */ = {
			isa = PBXShellScriptBuildPhase;
			buildActionMask = 2147483647;
			files = (
			);
			inputPaths = (
			);
			name = "📦 Check Pods Manifest.lock";
			outputPaths = (
			);
			runOnlyForDeploymentPostprocessing = 0;
			shellPath = /bin/sh;
			shellScript = "diff \"${PODS_ROOT}/../Podfile.lock\" \"${PODS_ROOT}/Manifest.lock\" > /dev/null\nif [[ $? != 0 ]] ; then\n    cat << EOM\nerror: The sandbox is not in sync with the Podfile.lock. Run 'pod install' or update your CocoaPods installation.\nEOM\n    exit 1\nfi\n";
			showEnvVarsInLog = 0;
		};
/* End PBXShellScriptBuildPhase section */

/* Begin PBXSourcesBuildPhase section */
		05D4896D1D3E5E23000A086B /* Sources */ = {
			isa = PBXSourcesBuildPhase;
			buildActionMask = 2147483647;
			files = (
				0540659E1D430DE300E460F6 /* User.swift in Sources */,
				054065A01D43146000E460F6 /* Serializable.swift in Sources */,
				05D489771D3E5E23000A086B /* ViewController.swift in Sources */,
				05D489751D3E5E23000A086B /* AppDelegate.swift in Sources */,
				0510867B1D44E451006FA048 /* Settings.swift in Sources */,
				05E327BD1D4A3D81003E76F1 /* HomeTabBarControllerDelegate.swift in Sources */,
				05C7FE221D3E7DD6005D0D0B /* Helper.swift in Sources */,
				05BC4F331D436642002686E2 /* Account.swift in Sources */,
			);
			runOnlyForDeploymentPostprocessing = 0;
		};
		05D489811D3E5E23000A086B /* Sources */ = {
			isa = PBXSourcesBuildPhase;
			buildActionMask = 2147483647;
			files = (
				058DBBB11D4659780045E0FD /* SettingsTests.swift in Sources */,
				054065A31D43167400E460F6 /* UserTests.swift in Sources */,
				05BC4F351D436ADA002686E2 /* AccountTests.swift in Sources */,
			);
			runOnlyForDeploymentPostprocessing = 0;
		};
		05D4898C1D3E5E23000A086B /* Sources */ = {
			isa = PBXSourcesBuildPhase;
			buildActionMask = 2147483647;
			files = (
				05BC4F311D431D77002686E2 /* HiPDAUITests.swift in Sources */,
			);
			runOnlyForDeploymentPostprocessing = 0;
		};
/* End PBXSourcesBuildPhase section */

/* Begin PBXTargetDependency section */
		05D489871D3E5E23000A086B /* PBXTargetDependency */ = {
			isa = PBXTargetDependency;
			target = 05D489701D3E5E23000A086B /* HiPDA */;
			targetProxy = 05D489861D3E5E23000A086B /* PBXContainerItemProxy */;
		};
		05D489921D3E5E23000A086B /* PBXTargetDependency */ = {
			isa = PBXTargetDependency;
			target = 05D489701D3E5E23000A086B /* HiPDA */;
			targetProxy = 05D489911D3E5E23000A086B /* PBXContainerItemProxy */;
		};
/* End PBXTargetDependency section */

/* Begin PBXVariantGroup section */
		05D489781D3E5E23000A086B /* Main.storyboard */ = {
			isa = PBXVariantGroup;
			children = (
				05D489791D3E5E23000A086B /* Base */,
			);
			name = Main.storyboard;
			sourceTree = "<group>";
		};
		05D4897D1D3E5E23000A086B /* LaunchScreen.storyboard */ = {
			isa = PBXVariantGroup;
			children = (
				05D4897E1D3E5E23000A086B /* Base */,
			);
			name = LaunchScreen.storyboard;
			sourceTree = "<group>";
		};
/* End PBXVariantGroup section */

/* Begin XCBuildConfiguration section */
		05D489971D3E5E23000A086B /* Debug */ = {
			isa = XCBuildConfiguration;
			buildSettings = {
				ALWAYS_SEARCH_USER_PATHS = NO;
				CLANG_ANALYZER_NONNULL = YES;
				CLANG_CXX_LANGUAGE_STANDARD = "gnu++0x";
				CLANG_CXX_LIBRARY = "libc++";
				CLANG_ENABLE_MODULES = YES;
				CLANG_ENABLE_OBJC_ARC = YES;
				CLANG_WARN_BOOL_CONVERSION = YES;
				CLANG_WARN_CONSTANT_CONVERSION = YES;
				CLANG_WARN_DIRECT_OBJC_ISA_USAGE = YES_ERROR;
				CLANG_WARN_DOCUMENTATION_COMMENTS = YES;
				CLANG_WARN_EMPTY_BODY = YES;
				CLANG_WARN_ENUM_CONVERSION = YES;
				CLANG_WARN_INT_CONVERSION = YES;
				CLANG_WARN_OBJC_ROOT_CLASS = YES_ERROR;
				CLANG_WARN_UNREACHABLE_CODE = YES;
				CLANG_WARN__DUPLICATE_METHOD_MATCH = YES;
				"CODE_SIGN_IDENTITY[sdk=iphoneos*]" = "iPhone Developer";
				COPY_PHASE_STRIP = NO;
				DEBUG_INFORMATION_FORMAT = dwarf;
				ENABLE_STRICT_OBJC_MSGSEND = YES;
				ENABLE_TESTABILITY = YES;
				GCC_C_LANGUAGE_STANDARD = gnu99;
				GCC_DYNAMIC_NO_PIC = NO;
				GCC_NO_COMMON_BLOCKS = YES;
				GCC_OPTIMIZATION_LEVEL = 0;
				GCC_PREPROCESSOR_DEFINITIONS = (
					"DEBUG=1",
					"$(inherited)",
				);
				GCC_WARN_64_TO_32_BIT_CONVERSION = YES;
				GCC_WARN_ABOUT_RETURN_TYPE = YES_ERROR;
				GCC_WARN_UNDECLARED_SELECTOR = YES;
				GCC_WARN_UNINITIALIZED_AUTOS = YES_AGGRESSIVE;
				GCC_WARN_UNUSED_FUNCTION = YES;
				GCC_WARN_UNUSED_VARIABLE = YES;
				IPHONEOS_DEPLOYMENT_TARGET = 10.0;
				MTL_ENABLE_DEBUG_INFO = YES;
				ONLY_ACTIVE_ARCH = YES;
				SDKROOT = iphoneos;
				SWIFT_ACTIVE_COMPILATION_CONDITIONS = DEBUG;
				SWIFT_OPTIMIZATION_LEVEL = "-Onone";
			};
			name = Debug;
		};
		05D489981D3E5E23000A086B /* Release */ = {
			isa = XCBuildConfiguration;
			buildSettings = {
				ALWAYS_SEARCH_USER_PATHS = NO;
				CLANG_ANALYZER_NONNULL = YES;
				CLANG_CXX_LANGUAGE_STANDARD = "gnu++0x";
				CLANG_CXX_LIBRARY = "libc++";
				CLANG_ENABLE_MODULES = YES;
				CLANG_ENABLE_OBJC_ARC = YES;
				CLANG_WARN_BOOL_CONVERSION = YES;
				CLANG_WARN_CONSTANT_CONVERSION = YES;
				CLANG_WARN_DIRECT_OBJC_ISA_USAGE = YES_ERROR;
				CLANG_WARN_DOCUMENTATION_COMMENTS = YES;
				CLANG_WARN_EMPTY_BODY = YES;
				CLANG_WARN_ENUM_CONVERSION = YES;
				CLANG_WARN_INT_CONVERSION = YES;
				CLANG_WARN_OBJC_ROOT_CLASS = YES_ERROR;
				CLANG_WARN_UNREACHABLE_CODE = YES;
				CLANG_WARN__DUPLICATE_METHOD_MATCH = YES;
				"CODE_SIGN_IDENTITY[sdk=iphoneos*]" = "iPhone Developer";
				COPY_PHASE_STRIP = NO;
				DEBUG_INFORMATION_FORMAT = "dwarf-with-dsym";
				ENABLE_NS_ASSERTIONS = NO;
				ENABLE_STRICT_OBJC_MSGSEND = YES;
				GCC_C_LANGUAGE_STANDARD = gnu99;
				GCC_NO_COMMON_BLOCKS = YES;
				GCC_WARN_64_TO_32_BIT_CONVERSION = YES;
				GCC_WARN_ABOUT_RETURN_TYPE = YES_ERROR;
				GCC_WARN_UNDECLARED_SELECTOR = YES;
				GCC_WARN_UNINITIALIZED_AUTOS = YES_AGGRESSIVE;
				GCC_WARN_UNUSED_FUNCTION = YES;
				GCC_WARN_UNUSED_VARIABLE = YES;
				IPHONEOS_DEPLOYMENT_TARGET = 10.0;
				MTL_ENABLE_DEBUG_INFO = NO;
				SDKROOT = iphoneos;
				SWIFT_OPTIMIZATION_LEVEL = "-Owholemodule";
				VALIDATE_PRODUCT = YES;
			};
			name = Release;
		};
		05D4899A1D3E5E23000A086B /* Debug */ = {
			isa = XCBuildConfiguration;
			baseConfigurationReference = E3FEE2AD1801A1D516039B47 /* Pods-HiPDA.debug.xcconfig */;
			buildSettings = {
				ASSETCATALOG_COMPILER_APPICON_NAME = AppIcon;
				CODE_SIGN_IDENTITY = "iPhone Developer: Daolong Wang (MSF98TD4N3)";
				DEBUG_INFORMATION_FORMAT = "dwarf-with-dsym";
				INFOPLIST_FILE = HiPDA/Info.plist;
				IPHONEOS_DEPLOYMENT_TARGET = 8.0;
				LD_RUNPATH_SEARCH_PATHS = "$(inherited) @executable_path/Frameworks";
				"OTHER_SWIFT_FLAGS[arch=*]" = "-D DEBUG";
				PRODUCT_BUNDLE_IDENTIFIER = com.leizh007.HiPDA;
				PRODUCT_NAME = "$(TARGET_NAME)";
				PROVISIONING_PROFILE = "9c531102-3159-4089-b0b4-507a00a966c4";
				PROVISIONING_PROFILE_SPECIFIER = "33HZMGTRDL/Development All Devices wildchar";
				SWIFT_VERSION = 3.0;
			};
			name = Debug;
		};
		05D4899B1D3E5E23000A086B /* Release */ = {
			isa = XCBuildConfiguration;
			baseConfigurationReference = 090F1397F1C40589BDE73F3B /* Pods-HiPDA.release.xcconfig */;
			buildSettings = {
				ASSETCATALOG_COMPILER_APPICON_NAME = AppIcon;
				CODE_SIGN_IDENTITY = "iPhone Developer: Daolong Wang (MSF98TD4N3)";
				DEBUG_INFORMATION_FORMAT = "dwarf-with-dsym";
				INFOPLIST_FILE = HiPDA/Info.plist;
				IPHONEOS_DEPLOYMENT_TARGET = 8.0;
				LD_RUNPATH_SEARCH_PATHS = "$(inherited) @executable_path/Frameworks";
				PRODUCT_BUNDLE_IDENTIFIER = com.leizh007.HiPDA;
				PRODUCT_NAME = "$(TARGET_NAME)";
				PROVISIONING_PROFILE = "9c531102-3159-4089-b0b4-507a00a966c4";
				PROVISIONING_PROFILE_SPECIFIER = "33HZMGTRDL/Development All Devices wildchar";
				SWIFT_VERSION = 3.0;
			};
			name = Release;
		};
		05D4899D1D3E5E23000A086B /* Debug */ = {
			isa = XCBuildConfiguration;
			baseConfigurationReference = FDD18CDC0CED13B5CC3B7361 /* Pods-HiPDATests.debug.xcconfig */;
			buildSettings = {
				BUNDLE_LOADER = "$(TEST_HOST)";
				CLANG_ENABLE_MODULES = YES;
				INFOPLIST_FILE = HiPDATests/Info.plist;
				LD_RUNPATH_SEARCH_PATHS = "$(inherited) @executable_path/Frameworks @loader_path/Frameworks $(FRAMEWORK_SEARCH_PATHS)";
				PRODUCT_BUNDLE_IDENTIFIER = com.leizh007.HiPDATests;
				PRODUCT_NAME = "$(TARGET_NAME)";
				SWIFT_OBJC_BRIDGING_HEADER = "HiPDATests/HiPDATests-Bridging-Header.h";
				SWIFT_OPTIMIZATION_LEVEL = "-Onone";
				SWIFT_VERSION = 3.0;
				TEST_HOST = "$(BUILT_PRODUCTS_DIR)/HiPDA.app/HiPDA";
			};
			name = Debug;
		};
		05D4899E1D3E5E23000A086B /* Release */ = {
			isa = XCBuildConfiguration;
			baseConfigurationReference = 4CD05B98D0E7B40DEEAAEF8C /* Pods-HiPDATests.release.xcconfig */;
			buildSettings = {
				BUNDLE_LOADER = "$(TEST_HOST)";
				CLANG_ENABLE_MODULES = YES;
				INFOPLIST_FILE = HiPDATests/Info.plist;
				LD_RUNPATH_SEARCH_PATHS = "$(inherited) @executable_path/Frameworks @loader_path/Frameworks $(FRAMEWORK_SEARCH_PATHS)";
				PRODUCT_BUNDLE_IDENTIFIER = com.leizh007.HiPDATests;
				PRODUCT_NAME = "$(TARGET_NAME)";
				SWIFT_OBJC_BRIDGING_HEADER = "HiPDATests/HiPDATests-Bridging-Header.h";
				SWIFT_VERSION = 3.0;
				TEST_HOST = "$(BUILT_PRODUCTS_DIR)/HiPDA.app/HiPDA";
			};
			name = Release;
		};
		05D489A01D3E5E23000A086B /* Debug */ = {
			isa = XCBuildConfiguration;
			baseConfigurationReference = D730B953B637DA6E5243FFE1 /* Pods-HiPDAUITests.debug.xcconfig */;
			buildSettings = {
				CLANG_ENABLE_MODULES = YES;
				INFOPLIST_FILE = HiPDAUITests/Info.plist;
				LD_RUNPATH_SEARCH_PATHS = "$(inherited) @executable_path/Frameworks @loader_path/Frameworks $(FRAMEWORK_SEARCH_PATHS)";
				PRODUCT_BUNDLE_IDENTIFIER = com.leizh007.HiPDAUITests;
				PRODUCT_NAME = "$(TARGET_NAME)";
				SWIFT_OBJC_BRIDGING_HEADER = "HiPDAUITests/HiPDAUITests-Bridging-Header.h";
				SWIFT_OPTIMIZATION_LEVEL = "-Onone";
				SWIFT_VERSION = 3.0;
				TEST_TARGET_NAME = HiPDA;
			};
			name = Debug;
		};
		05D489A11D3E5E23000A086B /* Release */ = {
			isa = XCBuildConfiguration;
			baseConfigurationReference = 6B60E63009E9B59B012B6606 /* Pods-HiPDAUITests.release.xcconfig */;
			buildSettings = {
				CLANG_ENABLE_MODULES = YES;
				INFOPLIST_FILE = HiPDAUITests/Info.plist;
				LD_RUNPATH_SEARCH_PATHS = "$(inherited) @executable_path/Frameworks @loader_path/Frameworks $(FRAMEWORK_SEARCH_PATHS)";
				PRODUCT_BUNDLE_IDENTIFIER = com.leizh007.HiPDAUITests;
				PRODUCT_NAME = "$(TARGET_NAME)";
				SWIFT_OBJC_BRIDGING_HEADER = "HiPDAUITests/HiPDAUITests-Bridging-Header.h";
				SWIFT_VERSION = 3.0;
				TEST_TARGET_NAME = HiPDA;
			};
			name = Release;
		};
/* End XCBuildConfiguration section */

/* Begin XCConfigurationList section */
		05D4896C1D3E5E23000A086B /* Build configuration list for PBXProject "HiPDA" */ = {
			isa = XCConfigurationList;
			buildConfigurations = (
				05D489971D3E5E23000A086B /* Debug */,
				05D489981D3E5E23000A086B /* Release */,
			);
			defaultConfigurationIsVisible = 0;
			defaultConfigurationName = Release;
		};
		05D489991D3E5E23000A086B /* Build configuration list for PBXNativeTarget "HiPDA" */ = {
			isa = XCConfigurationList;
			buildConfigurations = (
				05D4899A1D3E5E23000A086B /* Debug */,
				05D4899B1D3E5E23000A086B /* Release */,
			);
			defaultConfigurationIsVisible = 0;
			defaultConfigurationName = Release;
		};
		05D4899C1D3E5E23000A086B /* Build configuration list for PBXNativeTarget "HiPDATests" */ = {
			isa = XCConfigurationList;
			buildConfigurations = (
				05D4899D1D3E5E23000A086B /* Debug */,
				05D4899E1D3E5E23000A086B /* Release */,
			);
			defaultConfigurationIsVisible = 0;
			defaultConfigurationName = Release;
		};
		05D4899F1D3E5E23000A086B /* Build configuration list for PBXNativeTarget "HiPDAUITests" */ = {
			isa = XCConfigurationList;
			buildConfigurations = (
				05D489A01D3E5E23000A086B /* Debug */,
				05D489A11D3E5E23000A086B /* Release */,
			);
			defaultConfigurationIsVisible = 0;
			defaultConfigurationName = Release;
		};
/* End XCConfigurationList section */
	};
	rootObject = 05D489691D3E5E23000A086B /* Project object */;
}
