// !$*UTF8*$!
{
	archiveVersion = 1;
	classes = {
	};
	objectVersion = 46;
	objects = {

/* Begin PBXBuildFile section */
		05FBC6B11C60C42A004E445B /* AppDelegate.swift in Sources */ = {isa = PBXBuildFile; fileRef = 05FBC6B01C60C42A004E445B /* AppDelegate.swift */; };
		05FBC6B31C60C42A004E445B /* ViewController.swift in Sources */ = {isa = PBXBuildFile; fileRef = 05FBC6B21C60C42A004E445B /* ViewController.swift */; };
		05FBC6B61C60C42A004E445B /* Main.storyboard in Resources */ = {isa = PBXBuildFile; fileRef = 05FBC6B41C60C42A004E445B /* Main.storyboard */; };
		05FBC6B81C60C42A004E445B /* Assets.xcassets in Resources */ = {isa = PBXBuildFile; fileRef = 05FBC6B71C60C42A004E445B /* Assets.xcassets */; };
		05FBC6BB1C60C42A004E445B /* LaunchScreen.storyboard in Resources */ = {isa = PBXBuildFile; fileRef = 05FBC6B91C60C42A004E445B /* LaunchScreen.storyboard */; };
		05FBC6C31C60C448004E445B /* UIViewController+Leizh007.swift in Sources */ = {isa = PBXBuildFile; fileRef = 05FBC6C21C60C448004E445B /* UIViewController+Leizh007.swift */; };
		05FBC6C51C60C47B004E445B /* a.swift in Sources */ = {isa = PBXBuildFile; fileRef = 05FBC6C41C60C47B004E445B /* a.swift */; };
		05FBC6C71C60C48A004E445B /* b.swift in Sources */ = {isa = PBXBuildFile; fileRef = 05FBC6C61C60C48A004E445B /* b.swift */; };
		05FBC6C91C60C493004E445B /* c.swift in Sources */ = {isa = PBXBuildFile; fileRef = 05FBC6C81C60C493004E445B /* c.swift */; };
/* End PBXBuildFile section */

/* Begin PBXFileReference section */
		05FBC6AD1C60C42A004E445B /* test.app */ = {isa = PBXFileReference; explicitFileType = wrapper.application; includeInIndex = 0; path = test.app; sourceTree = BUILT_PRODUCTS_DIR; };
		05FBC6B01C60C42A004E445B /* AppDelegate.swift */ = {isa = PBXFileReference; lastKnownFileType = sourcecode.swift; path = AppDelegate.swift; sourceTree = "<group>"; };
		05FBC6B21C60C42A004E445B /* ViewController.swift */ = {isa = PBXFileReference; lastKnownFileType = sourcecode.swift; path = ViewController.swift; sourceTree = "<group>"; };
		05FBC6B51C60C42A004E445B /* Base */ = {isa = PBXFileReference; lastKnownFileType = file.storyboard; name = Base; path = Base.lproj/Main.storyboard; sourceTree = "<group>"; };
		05FBC6B71C60C42A004E445B /* Assets.xcassets */ = {isa = PBXFileReference; lastKnownFileType = folder.assetcatalog; path = Assets.xcassets; sourceTree = "<group>"; };
		05FBC6BA1C60C42A004E445B /* Base */ = {isa = PBXFileReference; lastKnownFileType = file.storyboard; name = Base; path = Base.lproj/LaunchScreen.storyboard; sourceTree = "<group>"; };
		05FBC6BC1C60C42A004E445B /* Info.plist */ = {isa = PBXFileReference; lastKnownFileType = text.plist.xml; path = Info.plist; sourceTree = "<group>"; };
		05FBC6C21C60C448004E445B /* UIViewController+Leizh007.swift */ = {isa = PBXFileReference; fileEncoding = 4; lastKnownFileType = sourcecode.swift; path = "UIViewController+Leizh007.swift"; sourceTree = "<group>"; };
		05FBC6C41C60C47B004E445B /* a.swift */ = {isa = PBXFileReference; fileEncoding = 4; lastKnownFileType = sourcecode.swift; path = a.swift; sourceTree = "<group>"; };
		05FBC6C61C60C48A004E445B /* b.swift */ = {isa = PBXFileReference; fileEncoding = 4; lastKnownFileType = sourcecode.swift; path = b.swift; sourceTree = "<group>"; };
		05FBC6C81C60C493004E445B /* c.swift */ = {isa = PBXFileReference; fileEncoding = 4; lastKnownFileType = sourcecode.swift; path = c.swift; sourceTree = "<group>"; };
/* End PBXFileReference section */

/* Begin PBXFrameworksBuildPhase section */
		05FBC6AA1C60C42A004E445B /* Frameworks */ = {
			isa = PBXFrameworksBuildPhase;
			buildActionMask = 2147483647;
			files = (
			);
			runOnlyForDeploymentPostprocessing = 0;
		};
/* End PBXFrameworksBuildPhase section */

/* Begin PBXGroup section */
		05FBC6A41C60C42A004E445B = {
			isa = PBXGroup;
			children = (
				05FBC6AF1C60C42A004E445B /* test */,
				05FBC6AE1C60C42A004E445B /* Products */,
			);
			sourceTree = "<group>";
		};
		05FBC6AE1C60C42A004E445B /* Products */ = {
			isa = PBXGroup;
			children = (
				05FBC6AD1C60C42A004E445B /* test.app */,
			);
			name = Products;
			sourceTree = "<group>";
		};
		05FBC6AF1C60C42A004E445B /* test */ = {
			isa = PBXGroup;
			children = (
				05FBC6B01C60C42A004E445B /* AppDelegate.swift */,
				05FBC6B21C60C42A004E445B /* ViewController.swift */,
				05FBC6B41C60C42A004E445B /* Main.storyboard */,
				05FBC6B71C60C42A004E445B /* Assets.xcassets */,
				05FBC6B91C60C42A004E445B /* LaunchScreen.storyboard */,
				05FBC6BC1C60C42A004E445B /* Info.plist */,
				05FBC6C21C60C448004E445B /* UIViewController+Leizh007.swift */,
				05FBC6C41C60C47B004E445B /* a.swift */,
				05FBC6C61C60C48A004E445B /* b.swift */,
				05FBC6C81C60C493004E445B /* c.swift */,
			);
			path = test;
			sourceTree = "<group>";
		};
/* End PBXGroup section */

/* Begin PBXNativeTarget section */
		05FBC6AC1C60C42A004E445B /* test */ = {
			isa = PBXNativeTarget;
			buildConfigurationList = 05FBC6BF1C60C42A004E445B /* Build configuration list for PBXNativeTarget "test" */;
			buildPhases = (
				05FBC6A91C60C42A004E445B /* Sources */,
				05FBC6AA1C60C42A004E445B /* Frameworks */,
				05FBC6AB1C60C42A004E445B /* Resources */,
			);
			buildRules = (
			);
			dependencies = (
			);
			name = test;
			productName = test;
			productReference = 05FBC6AD1C60C42A004E445B /* test.app */;
			productType = "com.apple.product-type.application";
		};
/* End PBXNativeTarget section */

/* Begin PBXProject section */
		05FBC6A51C60C42A004E445B /* Project object */ = {
			isa = PBXProject;
			attributes = {
				LastSwiftUpdateCheck = 0720;
				LastUpgradeCheck = 0720;
				ORGANIZATIONNAME = leizh007;
				TargetAttributes = {
					05FBC6AC1C60C42A004E445B = {
						CreatedOnToolsVersion = 7.2;
					};
				};
			};
			buildConfigurationList = 05FBC6A81C60C42A004E445B /* Build configuration list for PBXProject "test" */;
			compatibilityVersion = "Xcode 3.2";
			developmentRegion = English;
			hasScannedForEncodings = 0;
			knownRegions = (
				en,
				Base,
			);
			mainGroup = 05FBC6A41C60C42A004E445B;
			productRefGroup = 05FBC6AE1C60C42A004E445B /* Products */;
			projectDirPath = "";
			projectRoot = "";
			targets = (
				05FBC6AC1C60C42A004E445B /* test */,
			);
		};
/* End PBXProject section */

/* Begin PBXResourcesBuildPhase section */
		05FBC6AB1C60C42A004E445B /* Resources */ = {
			isa = PBXResourcesBuildPhase;
			buildActionMask = 2147483647;
			files = (
				05FBC6BB1C60C42A004E445B /* LaunchScreen.storyboard in Resources */,
				05FBC6B81C60C42A004E445B /* Assets.xcassets in Resources */,
				05FBC6B61C60C42A004E445B /* Main.storyboard in Resources */,
			);
			runOnlyForDeploymentPostprocessing = 0;
		};
/* End PBXResourcesBuildPhase section */

/* Begin PBXSourcesBuildPhase section */
		05FBC6A91C60C42A004E445B /* Sources */ = {
			isa = PBXSourcesBuildPhase;
			buildActionMask = 2147483647;
			files = (
				05FBC6C31C60C448004E445B /* UIViewController+Leizh007.swift in Sources */,
				05FBC6B31C60C42A004E445B /* ViewController.swift in Sources */,
				05FBC6B11C60C42A004E445B /* AppDelegate.swift in Sources */,
				05FBC6C91C60C493004E445B /* c.swift in Sources */,
				05FBC6C51C60C47B004E445B /* a.swift in Sources */,
				05FBC6C71C60C48A004E445B /* b.swift in Sources */,
			);
			runOnlyForDeploymentPostprocessing = 0;
		};
/* End PBXSourcesBuildPhase section */

/* Begin PBXVariantGroup section */
		05FBC6B41C60C42A004E445B /* Main.storyboard */ = {
			isa = PBXVariantGroup;
			children = (
				05FBC6B51C60C42A004E445B /* Base */,
			);
			name = Main.storyboard;
			sourceTree = "<group>";
		};
		05FBC6B91C60C42A004E445B /* LaunchScreen.storyboard */ = {
			isa = PBXVariantGroup;
			children = (
				05FBC6BA1C60C42A004E445B /* Base */,
			);
			name = LaunchScreen.storyboard;
			sourceTree = "<group>";
		};
/* End PBXVariantGroup section */

/* Begin XCBuildConfiguration section */
		05FBC6BD1C60C42A004E445B /* Debug */ = {
			isa = XCBuildConfiguration;
			buildSettings = {
				ALWAYS_SEARCH_USER_PATHS = NO;
				CLANG_CXX_LANGUAGE_STANDARD = "gnu++0x";
				CLANG_CXX_LIBRARY = "libc++";
				CLANG_ENABLE_MODULES = YES;
				CLANG_ENABLE_OBJC_ARC = YES;
				CLANG_WARN_BOOL_CONVERSION = YES;
				CLANG_WARN_CONSTANT_CONVERSION = YES;
				CLANG_WARN_DIRECT_OBJC_ISA_USAGE = YES_ERROR;
				CLANG_WARN_EMPTY_BODY = YES;
				CLANG_WARN_ENUM_CONVERSION = YES;
				CLANG_WARN_INT_CONVERSION = YES;
				CLANG_WARN_OBJC_ROOT_CLASS = YES_ERROR;
				CLANG_WARN_UNREACHABLE_CODE = YES;
				CLANG_WARN__DUPLICATE_METHOD_MATCH = YES;
				"CODE_SIGN_IDENTITY[sdk=iphoneos*]" = "iPhone Developer";
				COPY_PHASE_STRIP = NO;
				DEBUG_INFORMATION_FORMAT = dwarf;
				ENABLE_STRICT_OBJC_MSGSEND = YES;
				ENABLE_TESTABILITY = YES;
				GCC_C_LANGUAGE_STANDARD = gnu99;
				GCC_DYNAMIC_NO_PIC = NO;
				GCC_NO_COMMON_BLOCKS = YES;
				GCC_OPTIMIZATION_LEVEL = 0;
				GCC_PREPROCESSOR_DEFINITIONS = (
					"DEBUG=1",
					"$(inherited)",
				);
				GCC_WARN_64_TO_32_BIT_CONVERSION = YES;
				GCC_WARN_ABOUT_RETURN_TYPE = YES_ERROR;
				GCC_WARN_UNDECLARED_SELECTOR = YES;
				GCC_WARN_UNINITIALIZED_AUTOS = YES_AGGRESSIVE;
				GCC_WARN_UNUSED_FUNCTION = YES;
				GCC_WARN_UNUSED_VARIABLE = YES;
				IPHONEOS_DEPLOYMENT_TARGET = 9.2;
				MTL_ENABLE_DEBUG_INFO = YES;
				ONLY_ACTIVE_ARCH = YES;
				SDKROOT = iphoneos;
				SWIFT_OPTIMIZATION_LEVEL = "-Onone";
				TARGETED_DEVICE_FAMILY = "1,2";
			};
			name = Debug;
		};
		05FBC6BE1C60C42A004E445B /* Release */ = {
			isa = XCBuildConfiguration;
			buildSettings = {
				ALWAYS_SEARCH_USER_PATHS = NO;
				CLANG_CXX_LANGUAGE_STANDARD = "gnu++0x";
				CLANG_CXX_LIBRARY = "libc++";
				CLANG_ENABLE_MODULES = YES;
				CLANG_ENABLE_OBJC_ARC = YES;
				CLANG_WARN_BOOL_CONVERSION = YES;
				CLANG_WARN_CONSTANT_CONVERSION = YES;
				CLANG_WARN_DIRECT_OBJC_ISA_USAGE = YES_ERROR;
				CLANG_WARN_EMPTY_BODY = YES;
				CLANG_WARN_ENUM_CONVERSION = YES;
				CLANG_WARN_INT_CONVERSION = YES;
				CLANG_WARN_OBJC_ROOT_CLASS = YES_ERROR;
				CLANG_WARN_UNREACHABLE_CODE = YES;
				CLANG_WARN__DUPLICATE_METHOD_MATCH = YES;
				"CODE_SIGN_IDENTITY[sdk=iphoneos*]" = "iPhone Developer";
				COPY_PHASE_STRIP = NO;
				DEBUG_INFORMATION_FORMAT = "dwarf-with-dsym";
				ENABLE_NS_ASSERTIONS = NO;
				ENABLE_STRICT_OBJC_MSGSEND = YES;
				GCC_C_LANGUAGE_STANDARD = gnu99;
				GCC_NO_COMMON_BLOCKS = YES;
				GCC_WARN_64_TO_32_BIT_CONVERSION = YES;
				GCC_WARN_ABOUT_RETURN_TYPE = YES_ERROR;
				GCC_WARN_UNDECLARED_SELECTOR = YES;
				GCC_WARN_UNINITIALIZED_AUTOS = YES_AGGRESSIVE;
				GCC_WARN_UNUSED_FUNCTION = YES;
				GCC_WARN_UNUSED_VARIABLE = YES;
				IPHONEOS_DEPLOYMENT_TARGET = 9.2;
				MTL_ENABLE_DEBUG_INFO = NO;
				SDKROOT = iphoneos;
				TARGETED_DEVICE_FAMILY = "1,2";
				VALIDATE_PRODUCT = YES;
			};
			name = Release;
		};
		05FBC6C01C60C42A004E445B /* Debug */ = {
			isa = XCBuildConfiguration;
			buildSettings = {
				ASSETCATALOG_COMPILER_APPICON_NAME = AppIcon;
				CODE_SIGN_IDENTITY = "iPhone Developer";
				INFOPLIST_FILE = test/Info.plist;
				LD_RUNPATH_SEARCH_PATHS = "$(inherited) @executable_path/Frameworks";
				PRODUCT_BUNDLE_IDENTIFIER = com.leizh007.test;
				PRODUCT_NAME = "$(TARGET_NAME)";
			};
			name = Debug;
		};
		05FBC6C11C60C42A004E445B /* Release */ = {
			isa = XCBuildConfiguration;
			buildSettings = {
				ASSETCATALOG_COMPILER_APPICON_NAME = AppIcon;
				CODE_SIGN_IDENTITY = "iPhone Developer";
				INFOPLIST_FILE = test/Info.plist;
				LD_RUNPATH_SEARCH_PATHS = "$(inherited) @executable_path/Frameworks";
				PRODUCT_BUNDLE_IDENTIFIER = com.leizh007.test;
				PRODUCT_NAME = "$(TARGET_NAME)";
			};
			name = Release;
		};
/* End XCBuildConfiguration section */

/* Begin XCConfigurationList section */
		05FBC6A81C60C42A004E445B /* Build configuration list for PBXProject "test" */ = {
			isa = XCConfigurationList;
			buildConfigurations = (
				05FBC6BD1C60C42A004E445B /* Debug */,
				05FBC6BE1C60C42A004E445B /* Release */,
			);
			defaultConfigurationIsVisible = 0;
			defaultConfigurationName = Release;
		};
		05FBC6BF1C60C42A004E445B /* Build configuration list for PBXNativeTarget "test" */ = {
			isa = XCConfigurationList;
			buildConfigurations = (
				05FBC6C01C60C42A004E445B /* Debug */,
				05FBC6C11C60C42A004E445B /* Release */,
			);
			defaultConfigurationIsVisible = 0;
		};
/* End XCConfigurationList section */
	};
	rootObject = 05FBC6A51C60C42A004E445B /* Project object */;
}
