PODS:
  - Alamofire (4.3.0)
  - Argo (4.0.0):
    - Runes (>= 4.0.0)
  - Aspects (1.4.1)
  - Crashlytics (3.8.3):
    - Fabric (~> 1.6.3)
  - Curry (3.0.0)
  - Delta (1.0.0)
  - Fabric (1.6.11)
  - FBRetainCycleDetector (0.1.3)
  - FLEX (2.4.0)
  - HandyJSON (1.1.0)
  - MBProgressHUD (1.0.0)
  - MLeaksFinder (0.2.1):
    - FBRetainCycleDetector
  - Moya/Core (8.0.0-beta.6):
    - Alamofire (~> 4.0)
    - Result (~> 3.0)
  - Moya/RxSwift (8.0.0-beta.6):
    - Moya/Core
    - RxSwift (~> 3.0)
  - Perform (1.0.0):
    - Aspects (~> 1.4.1)
  - Result (3.1.0)
  - Reveal-iOS-SDK (1.6.2)
  - Runes (4.0.1)
  - RxCocoa (3.0.1):
    - RxSwift (~> 3.0)
  - RxDataSources (1.0.2):
    - RxCocoa (~> 3.0)
    - RxSwift (~> 3.0)
  - RxSwift (3.0.1)
  - SAMKeychain (1.5.2)
  - SDWebImage (4.0.0-beta2):
    - SDWebImage/Core (= 4.0.0-beta2)
  - SDWebImage/Core (4.0.0-beta2)
  - Then (2.1.0)
  - YYKeyboardManager (1.0.1)

DEPENDENCIES:
  - Argo (~> 4.0.0)
  - Crashlytics
  - Curry (~> 3.0.0)
  - Delta (from `https://github.com/thoughtbot/Delta.git`)
  - Fabric
  - FLEX
  - HandyJSON (~> 1.1.0)
  - MBProgressHUD
  - MLeaksFinder
  - Moya/RxSwift (~> 8.0.0-beta.3)
  - Perform (from `https://github.com/thoughtbot/Perform.git`, branch `swift-3`)
  - Reveal-iOS-SDK
  - Runes (~> 4.0.0)
  - RxCocoa (~> 3.0.0-beta.1)
  - RxDataSources (~> 1.0.0-beta.2)
  - RxSwift (~> 3.0.0-beta.1)
  - SAMKeychain
  - SDWebImage (~> 4.0.0-beta2)
  - Then (~> 2.1.0)
  - YYKeyboardManager

EXTERNAL SOURCES:
  Delta:
    :git: https://github.com/thoughtbot/Delta.git
  Perform:
    :branch: swift-3
    :git: https://github.com/thoughtbot/Perform.git

CHECKOUT OPTIONS:
  Delta:
    :commit: bd46119899703e976e655fcde9e668d28df55014
    :git: https://github.com/thoughtbot/Delta.git
  Perform:
    :commit: aa71482dd9dfdc5ce3e8baf91ba08b751a8a04f9
    :git: https://github.com/thoughtbot/Perform.git

SPEC CHECKSUMS:
  Alamofire: 856a113053a7bc9cbe5d6367a555d773fc5cfef7
  Argo: e808d20ee2e95c4498276ca1812d75d3b0b00090
  Aspects: 7595ba96a6727a58ebcbfc954497fc5d2fdde546
  Crashlytics: 2b6dbe138a42395577cfa73dfa1aa7248cadf39e
  Curry: eb3d2c75aec678b3cc7fb2729d2ad6dd121531d1
  Delta: 35694e6e06a7e5d9dd8a25f3b0768ed66c0579c5
  Fabric: 5911403591946b8228ab1c51d98f1d7137e863c6
  FBRetainCycleDetector: f0c7b290bf48ae77f6ae060843ce34ae341781eb
  FLEX: bd1a39e55b56bb413b6f1b34b3c10a0dc44ef079
  HandyJSON: c19dba750f1a8c238c4f47f40b1b5e3efaef7e34
  MBProgressHUD: 4890f671c94e8a0f3cf959aa731e9de2f036d71a
  MLeaksFinder: 0850e2f2abc7227adc4d4e2d1992b431264eb4d5
  Moya: a29e2503a0c5067d462ba2f07cc6b6b1f3fc172d
  Perform: c3e2f75ee31db051d5afbe1282d7a48ba68f8747
  Result: 4e3ed5995ed94d0cd6a09be9a431fce3f3624bbf
  Reveal-iOS-SDK: e2250b3c155bcfac53ae223ddc1f76d08f206c33
  Runes: ff20f163b478ac2c0e18158d6086fd5b1997f983
  RxCocoa: 15a52fc590dcc700cb4a690a633b5c5184ce3a78
  RxDataSources: 1de77880bf5b7fcee42102adcd5a5d65e5b81541
  RxSwift: af5680055c4ad04480189c52d28385b1029493a6
  SAMKeychain: 1865333198217411f35327e8da61b43de79b635b
  SDWebImage: e379f33106cf8d6766f970c0ef1c3fb609c94d78
  Then: 8496793c8fcac95482b943909b440724c7d8d82c
  YYKeyboardManager: ff53d2e80d1808567a7f004028bd200d9469a89f

PODFILE CHECKSUM: ec47fe2e661fb864f131924d9c83976f3592db5e

COCOAPODS: 1.2.0.beta.1
