// !$*UTF8*$!
{
	archiveVersion = 1;
	classes = {
	};
	objectVersion = 46;
	objects = {

/* Begin PBXBuildFile section */
		0514C6181B1F2F6D0038D43F /* LZHAddFavorite.m in Sources */ = {isa = PBXBuildFile; fileRef = 0514C6171B1F2F6D0038D43F /* LZHAddFavorite.m */; };
		052131611B1F46430056EE4C /* LZHReplyViewController.m in Sources */ = {isa = PBXBuildFile; fileRef = 052131601B1F46430056EE4C /* LZHReplyViewController.m */; };
		057DF5911AF7A73700FC6360 /* LZHPostList.html in Resources */ = {isa = PBXBuildFile; fileRef = 057DF5901AF7A73700FC6360 /* LZHPostList.html */; };
		058338511AF33E9D00A20792 /* LZHPost.m in Sources */ = {isa = PBXBuildFile; fileRef = 058338501AF33E9D00A20792 /* LZHPost.m */; };
		0583B12F1B15A6D5004258EB /* LZHThreadsNoticeTableViewCell.m in Sources */ = {isa = PBXBuildFile; fileRef = 0583B12E1B15A6D5004258EB /* LZHThreadsNoticeTableViewCell.m */; };
		0583B1321B15A70B004258EB /* LZHThreadNotice.m in Sources */ = {isa = PBXBuildFile; fileRef = 0583B1311B15A70B004258EB /* LZHThreadNotice.m */; };
		0583B1351B160116004258EB /* LZHMyThread.m in Sources */ = {isa = PBXBuildFile; fileRef = 0583B1341B160116004258EB /* LZHMyThread.m */; };
		0583B1381B1609FA004258EB /* LZHMyThreadsTableViewCell.m in Sources */ = {isa = PBXBuildFile; fileRef = 0583B1371B1609FA004258EB /* LZHMyThreadsTableViewCell.m */; };
		0583B13B1B161C64004258EB /* LZHMyPost.m in Sources */ = {isa = PBXBuildFile; fileRef = 0583B13A1B161C64004258EB /* LZHMyPost.m */; };
		0589E5D91AFA2A790094E060 /* LZHProfileViewController.m in Sources */ = {isa = PBXBuildFile; fileRef = 0589E5D81AFA2A790094E060 /* LZHProfileViewController.m */; };
		05966D8C1AF39F3A0056CA92 /* LZHPostViewController.m in Sources */ = {isa = PBXBuildFile; fileRef = 05966D8B1AF39F3A0056CA92 /* LZHPostViewController.m */; };
		059C6FCB1AEB293500E3EBA0 /* LZHHTTPRequestOperationManager.m in Sources */ = {isa = PBXBuildFile; fileRef = 059C6FCA1AEB293500E3EBA0 /* LZHHTTPRequestOperationManager.m */; };
		059C6FCE1AEB2D4C00E3EBA0 /* LZHNetworkFetcher.m in Sources */ = {isa = PBXBuildFile; fileRef = 059C6FCD1AEB2D4C00E3EBA0 /* LZHNetworkFetcher.m */; };
		059C6FD11AEB35DD00E3EBA0 /* NSString+LZHHIPDA.m in Sources */ = {isa = PBXBuildFile; fileRef = 059C6FD01AEB35DD00E3EBA0 /* NSString+LZHHIPDA.m */; };
		059C6FD41AEB3C9400E3EBA0 /* LZHMemberContorlPanelViewController.m in Sources */ = {isa = PBXBuildFile; fileRef = 059C6FD31AEB3C9400E3EBA0 /* LZHMemberContorlPanelViewController.m */; };
		059C6FDA1AEB4C7A00E3EBA0 /* LZHThreadViewController.m in Sources */ = {isa = PBXBuildFile; fileRef = 059C6FD91AEB4C7A00E3EBA0 /* LZHThreadViewController.m */; };
		059C6FE01AEB4FD300E3EBA0 /* LZHLoginViewController.m in Sources */ = {isa = PBXBuildFile; fileRef = 059C6FDF1AEB4FD300E3EBA0 /* LZHLoginViewController.m */; };
		059C6FE31AEB658300E3EBA0 /* LZHShowMessage.m in Sources */ = {isa = PBXBuildFile; fileRef = 059C6FE21AEB658300E3EBA0 /* LZHShowMessage.m */; };
		059C6FE61AEB7E6800E3EBA0 /* UIBarButtonItem+ImageItem.m in Sources */ = {isa = PBXBuildFile; fileRef = 059C6FE51AEB7E6800E3EBA0 /* UIBarButtonItem+ImageItem.m */; };
		059C6FE91AEBB5B300E3EBA0 /* LZHNotice.m in Sources */ = {isa = PBXBuildFile; fileRef = 059C6FE81AEBB5B300E3EBA0 /* LZHNotice.m */; };
		059C70031AEBE08100E3EBA0 /* LZHCookieManager.m in Sources */ = {isa = PBXBuildFile; fileRef = 059C70021AEBE08100E3EBA0 /* LZHCookieManager.m */; };
		059C70061AECB15500E3EBA0 /* LZHThreadTableViewCell.m in Sources */ = {isa = PBXBuildFile; fileRef = 059C70051AECB15500E3EBA0 /* LZHThreadTableViewCell.m */; };
		059C70091AECB52600E3EBA0 /* LZHUser.m in Sources */ = {isa = PBXBuildFile; fileRef = 059C70081AECB52600E3EBA0 /* LZHUser.m */; };
		059C700C1AECB97900E3EBA0 /* LZHBlackList.m in Sources */ = {isa = PBXBuildFile; fileRef = 059C700B1AECB97900E3EBA0 /* LZHBlackList.m */; };
		059C700F1AECB99200E3EBA0 /* LZHReadList.m in Sources */ = {isa = PBXBuildFile; fileRef = 059C700E1AECB99200E3EBA0 /* LZHReadList.m */; };
		059C70121AECBEE200E3EBA0 /* LZHThread.m in Sources */ = {isa = PBXBuildFile; fileRef = 059C70111AECBEE200E3EBA0 /* LZHThread.m */; };
		05AAA0771B0A3F320007376E /* LZHReply.m in Sources */ = {isa = PBXBuildFile; fileRef = 05AAA0761B0A3F320007376E /* LZHReply.m */; };
		05AAA07D1B0D73650007376E /* LZHSendPmViewController.m in Sources */ = {isa = PBXBuildFile; fileRef = 05AAA07C1B0D73650007376E /* LZHSendPmViewController.m */; };
		05AAA0861B0DA4760007376E /* LZHCustomeTransition.m in Sources */ = {isa = PBXBuildFile; fileRef = 05AAA0851B0DA4760007376E /* LZHCustomeTransition.m */; };
		05AB1E711AEA928700D139A1 /* main.m in Sources */ = {isa = PBXBuildFile; fileRef = 05AB1E701AEA928700D139A1 /* main.m */; };
		05AB1E741AEA928700D139A1 /* AppDelegate.m in Sources */ = {isa = PBXBuildFile; fileRef = 05AB1E731AEA928700D139A1 /* AppDelegate.m */; };
		05AB1E7C1AEA928700D139A1 /* Images.xcassets in Resources */ = {isa = PBXBuildFile; fileRef = 05AB1E7B1AEA928700D139A1 /* Images.xcassets */; };
		05AB1E7F1AEA928700D139A1 /* LaunchScreen.xib in Resources */ = {isa = PBXBuildFile; fileRef = 05AB1E7D1AEA928700D139A1 /* LaunchScreen.xib */; };
		05AB1E8B1AEA928700D139A1 /* HiPDA_V2Tests.m in Sources */ = {isa = PBXBuildFile; fileRef = 05AB1E8A1AEA928700D139A1 /* HiPDA_V2Tests.m */; };
		05AB1E9A1AEA93FA00D139A1 /* LZHAccount.m in Sources */ = {isa = PBXBuildFile; fileRef = 05AB1E991AEA93FA00D139A1 /* LZHAccount.m */; };
		05B51FDB1B17360300CACB03 /* LZHMyPostsTableViewCell.m in Sources */ = {isa = PBXBuildFile; fileRef = 05B51FDA1B17360300CACB03 /* LZHMyPostsTableViewCell.m */; };
		05B51FDE1B174AD000CACB03 /* LZHMyFavorite.m in Sources */ = {isa = PBXBuildFile; fileRef = 05B51FDD1B174AD000CACB03 /* LZHMyFavorite.m */; };
		05B51FE11B1753FF00CACB03 /* LZHMyFavoritesTableViewCell.m in Sources */ = {isa = PBXBuildFile; fileRef = 05B51FE01B1753FF00CACB03 /* LZHMyFavoritesTableViewCell.m */; };
		05C92D671B180E34004674EE /* LZHSearchResult.m in Sources */ = {isa = PBXBuildFile; fileRef = 05C92D661B180E34004674EE /* LZHSearchResult.m */; };
		05C92DA21B188380004674EE /* LZHSearchResultTableViewCell.m in Sources */ = {isa = PBXBuildFile; fileRef = 05C92DA11B188380004674EE /* LZHSearchResultTableViewCell.m */; };
		05D128DC1B02388300CC586E /* LZHPersonalMessageViewController.m in Sources */ = {isa = PBXBuildFile; fileRef = 05D128DB1B02388300CC586E /* LZHPersonalMessageViewController.m */; };
		05D128DF1B0238B100CC586E /* LZHMyThreadViewController.m in Sources */ = {isa = PBXBuildFile; fileRef = 05D128DE1B0238B100CC586E /* LZHMyThreadViewController.m */; };
		05D128E21B0238C500CC586E /* LZHSearchViewController.m in Sources */ = {isa = PBXBuildFile; fileRef = 05D128E11B0238C500CC586E /* LZHSearchViewController.m */; };
		05D128E51B02391600CC586E /* LZHSettingsViewController.m in Sources */ = {isa = PBXBuildFile; fileRef = 05D128E41B02391600CC586E /* LZHSettingsViewController.m */; };
		05D128E81B02F0F800CC586E /* UIImage+LZHHIPDA.m in Sources */ = {isa = PBXBuildFile; fileRef = 05D128E71B02F0F800CC586E /* UIImage+LZHHIPDA.m */; };
		05D128F31B072A4500CC586E /* LZHPrompt.m in Sources */ = {isa = PBXBuildFile; fileRef = 05D128F21B072A4500CC586E /* LZHPrompt.m */; };
		05D128F61B074F8F00CC586E /* LZHPromptPmTableViewCell.m in Sources */ = {isa = PBXBuildFile; fileRef = 05D128F51B074F8F00CC586E /* LZHPromptPmTableViewCell.m */; };
		05DF6E671B086EDD00485E71 /* LZHMessagesViewController.m in Sources */ = {isa = PBXBuildFile; fileRef = 05DF6E661B086EDD00485E71 /* LZHMessagesViewController.m */; };
		05DF6E6A1B086F3F00485E71 /* LZHMessageDataModel.m in Sources */ = {isa = PBXBuildFile; fileRef = 05DF6E691B086F3F00485E71 /* LZHMessageDataModel.m */; };
		05E69F411AED4489009144F1 /* LZHHtmlParser.m in Sources */ = {isa = PBXBuildFile; fileRef = 05E69F401AED4489009144F1 /* LZHHtmlParser.m */; };
		05FE9B5E1AFFA6FF00435E2C /* LZHSettings.m in Sources */ = {isa = PBXBuildFile; fileRef = 05FE9B5D1AFFA6FF00435E2C /* LZHSettings.m */; };
		564F40B18AF81CA936455DAE /* libPods.a in Frameworks */ = {isa = PBXBuildFile; fileRef = 3204824E7083C9E38B376889 /* libPods.a */; };
/* End PBXBuildFile section */

/* Begin PBXContainerItemProxy section */
		05AB1E851AEA928700D139A1 /* PBXContainerItemProxy */ = {
			isa = PBXContainerItemProxy;
			containerPortal = 05AB1E631AEA928700D139A1 /* Project object */;
			proxyType = 1;
			remoteGlobalIDString = 05AB1E6A1AEA928700D139A1;
			remoteInfo = "HiPDA V2";
		};
/* End PBXContainerItemProxy section */

/* Begin PBXFileReference section */
		0514C6161B1F2F6D0038D43F /* LZHAddFavorite.h */ = {isa = PBXFileReference; fileEncoding = 4; lastKnownFileType = sourcecode.c.h; name = LZHAddFavorite.h; path = Models/LZHAddFavorite.h; sourceTree = "<group>"; };
		0514C6171B1F2F6D0038D43F /* LZHAddFavorite.m */ = {isa = PBXFileReference; fileEncoding = 4; lastKnownFileType = sourcecode.c.objc; name = LZHAddFavorite.m; path = Models/LZHAddFavorite.m; sourceTree = "<group>"; };
		0521315F1B1F46430056EE4C /* LZHReplyViewController.h */ = {isa = PBXFileReference; fileEncoding = 4; lastKnownFileType = sourcecode.c.h; name = LZHReplyViewController.h; path = Controllers/LZHReplyViewController.h; sourceTree = "<group>"; };
		052131601B1F46430056EE4C /* LZHReplyViewController.m */ = {isa = PBXFileReference; fileEncoding = 4; lastKnownFileType = sourcecode.c.objc; name = LZHReplyViewController.m; path = Controllers/LZHReplyViewController.m; sourceTree = "<group>"; };
		057DF5901AF7A73700FC6360 /* LZHPostList.html */ = {isa = PBXFileReference; fileEncoding = 4; lastKnownFileType = text.html; name = LZHPostList.html; path = Views/LZHPostList.html; sourceTree = "<group>"; };
		0583384F1AF33E9D00A20792 /* LZHPost.h */ = {isa = PBXFileReference; fileEncoding = 4; lastKnownFileType = sourcecode.c.h; name = LZHPost.h; path = Models/LZHPost.h; sourceTree = "<group>"; };
		058338501AF33E9D00A20792 /* LZHPost.m */ = {isa = PBXFileReference; fileEncoding = 4; lastKnownFileType = sourcecode.c.objc; name = LZHPost.m; path = Models/LZHPost.m; sourceTree = "<group>"; };
		0583B12D1B15A6D5004258EB /* LZHThreadsNoticeTableViewCell.h */ = {isa = PBXFileReference; fileEncoding = 4; lastKnownFileType = sourcecode.c.h; name = LZHThreadsNoticeTableViewCell.h; path = Views/LZHThreadsNoticeTableViewCell.h; sourceTree = "<group>"; };
		0583B12E1B15A6D5004258EB /* LZHThreadsNoticeTableViewCell.m */ = {isa = PBXFileReference; fileEncoding = 4; lastKnownFileType = sourcecode.c.objc; name = LZHThreadsNoticeTableViewCell.m; path = Views/LZHThreadsNoticeTableViewCell.m; sourceTree = "<group>"; };
		0583B1301B15A70B004258EB /* LZHThreadNotice.h */ = {isa = PBXFileReference; fileEncoding = 4; lastKnownFileType = sourcecode.c.h; name = LZHThreadNotice.h; path = Models/LZHThreadNotice.h; sourceTree = "<group>"; };
		0583B1311B15A70B004258EB /* LZHThreadNotice.m */ = {isa = PBXFileReference; fileEncoding = 4; lastKnownFileType = sourcecode.c.objc; name = LZHThreadNotice.m; path = Models/LZHThreadNotice.m; sourceTree = "<group>"; };
		0583B1331B160116004258EB /* LZHMyThread.h */ = {isa = PBXFileReference; fileEncoding = 4; lastKnownFileType = sourcecode.c.h; name = LZHMyThread.h; path = Models/LZHMyThread.h; sourceTree = "<group>"; };
		0583B1341B160116004258EB /* LZHMyThread.m */ = {isa = PBXFileReference; fileEncoding = 4; lastKnownFileType = sourcecode.c.objc; name = LZHMyThread.m; path = Models/LZHMyThread.m; sourceTree = "<group>"; };
		0583B1361B1609FA004258EB /* LZHMyThreadsTableViewCell.h */ = {isa = PBXFileReference; fileEncoding = 4; lastKnownFileType = sourcecode.c.h; name = LZHMyThreadsTableViewCell.h; path = Views/LZHMyThreadsTableViewCell.h; sourceTree = "<group>"; };
		0583B1371B1609FA004258EB /* LZHMyThreadsTableViewCell.m */ = {isa = PBXFileReference; fileEncoding = 4; lastKnownFileType = sourcecode.c.objc; name = LZHMyThreadsTableViewCell.m; path = Views/LZHMyThreadsTableViewCell.m; sourceTree = "<group>"; };
		0583B1391B161C64004258EB /* LZHMyPost.h */ = {isa = PBXFileReference; fileEncoding = 4; lastKnownFileType = sourcecode.c.h; name = LZHMyPost.h; path = Models/LZHMyPost.h; sourceTree = "<group>"; };
		0583B13A1B161C64004258EB /* LZHMyPost.m */ = {isa = PBXFileReference; fileEncoding = 4; lastKnownFileType = sourcecode.c.objc; name = LZHMyPost.m; path = Models/LZHMyPost.m; sourceTree = "<group>"; };
		0589E5D71AFA2A790094E060 /* LZHProfileViewController.h */ = {isa = PBXFileReference; fileEncoding = 4; lastKnownFileType = sourcecode.c.h; name = LZHProfileViewController.h; path = Controllers/LZHProfileViewController.h; sourceTree = "<group>"; };
		0589E5D81AFA2A790094E060 /* LZHProfileViewController.m */ = {isa = PBXFileReference; fileEncoding = 4; lastKnownFileType = sourcecode.c.objc; name = LZHProfileViewController.m; path = Controllers/LZHProfileViewController.m; sourceTree = "<group>"; };
		05966D8A1AF39F3A0056CA92 /* LZHPostViewController.h */ = {isa = PBXFileReference; fileEncoding = 4; lastKnownFileType = sourcecode.c.h; name = LZHPostViewController.h; path = Controllers/LZHPostViewController.h; sourceTree = "<group>"; };
		05966D8B1AF39F3A0056CA92 /* LZHPostViewController.m */ = {isa = PBXFileReference; fileEncoding = 4; lastKnownFileType = sourcecode.c.objc; name = LZHPostViewController.m; path = Controllers/LZHPostViewController.m; sourceTree = "<group>"; };
		059C6FC91AEB293500E3EBA0 /* LZHHTTPRequestOperationManager.h */ = {isa = PBXFileReference; fileEncoding = 4; lastKnownFileType = sourcecode.c.h; name = LZHHTTPRequestOperationManager.h; path = Helper/LZHHTTPRequestOperationManager.h; sourceTree = "<group>"; };
		059C6FCA1AEB293500E3EBA0 /* LZHHTTPRequestOperationManager.m */ = {isa = PBXFileReference; fileEncoding = 4; lastKnownFileType = sourcecode.c.objc; name = LZHHTTPRequestOperationManager.m; path = Helper/LZHHTTPRequestOperationManager.m; sourceTree = "<group>"; };
		059C6FCC1AEB2D4C00E3EBA0 /* LZHNetworkFetcher.h */ = {isa = PBXFileReference; fileEncoding = 4; lastKnownFileType = sourcecode.c.h; name = LZHNetworkFetcher.h; path = Helper/LZHNetworkFetcher.h; sourceTree = "<group>"; };
		059C6FCD1AEB2D4C00E3EBA0 /* LZHNetworkFetcher.m */ = {isa = PBXFileReference; fileEncoding = 4; lastKnownFileType = sourcecode.c.objc; name = LZHNetworkFetcher.m; path = Helper/LZHNetworkFetcher.m; sourceTree = "<group>"; };
		059C6FCF1AEB35DD00E3EBA0 /* NSString+LZHHIPDA.h */ = {isa = PBXFileReference; fileEncoding = 4; lastKnownFileType = sourcecode.c.h; name = "NSString+LZHHIPDA.h"; path = "Helper/NSString+LZHHIPDA.h"; sourceTree = "<group>"; };
		059C6FD01AEB35DD00E3EBA0 /* NSString+LZHHIPDA.m */ = {isa = PBXFileReference; fileEncoding = 4; lastKnownFileType = sourcecode.c.objc; name = "NSString+LZHHIPDA.m"; path = "Helper/NSString+LZHHIPDA.m"; sourceTree = "<group>"; };
		059C6FD21AEB3C9400E3EBA0 /* LZHMemberContorlPanelViewController.h */ = {isa = PBXFileReference; fileEncoding = 4; lastKnownFileType = sourcecode.c.h; name = LZHMemberContorlPanelViewController.h; path = Controllers/LZHMemberContorlPanelViewController.h; sourceTree = "<group>"; };
		059C6FD31AEB3C9400E3EBA0 /* LZHMemberContorlPanelViewController.m */ = {isa = PBXFileReference; fileEncoding = 4; lastKnownFileType = sourcecode.c.objc; name = LZHMemberContorlPanelViewController.m; path = Controllers/LZHMemberContorlPanelViewController.m; sourceTree = "<group>"; };
		059C6FD81AEB4C7A00E3EBA0 /* LZHThreadViewController.h */ = {isa = PBXFileReference; fileEncoding = 4; lastKnownFileType = sourcecode.c.h; name = LZHThreadViewController.h; path = Controllers/LZHThreadViewController.h; sourceTree = "<group>"; };
		059C6FD91AEB4C7A00E3EBA0 /* LZHThreadViewController.m */ = {isa = PBXFileReference; fileEncoding = 4; lastKnownFileType = sourcecode.c.objc; name = LZHThreadViewController.m; path = Controllers/LZHThreadViewController.m; sourceTree = "<group>"; };
		059C6FDE1AEB4FD300E3EBA0 /* LZHLoginViewController.h */ = {isa = PBXFileReference; fileEncoding = 4; lastKnownFileType = sourcecode.c.h; name = LZHLoginViewController.h; path = Controllers/LZHLoginViewController.h; sourceTree = "<group>"; };
		059C6FDF1AEB4FD300E3EBA0 /* LZHLoginViewController.m */ = {isa = PBXFileReference; fileEncoding = 4; lastKnownFileType = sourcecode.c.objc; name = LZHLoginViewController.m; path = Controllers/LZHLoginViewController.m; sourceTree = "<group>"; };
		059C6FE11AEB658300E3EBA0 /* LZHShowMessage.h */ = {isa = PBXFileReference; fileEncoding = 4; lastKnownFileType = sourcecode.c.h; name = LZHShowMessage.h; path = Helper/LZHShowMessage.h; sourceTree = "<group>"; };
		059C6FE21AEB658300E3EBA0 /* LZHShowMessage.m */ = {isa = PBXFileReference; fileEncoding = 4; lastKnownFileType = sourcecode.c.objc; name = LZHShowMessage.m; path = Helper/LZHShowMessage.m; sourceTree = "<group>"; };
		059C6FE41AEB7E6800E3EBA0 /* UIBarButtonItem+ImageItem.h */ = {isa = PBXFileReference; fileEncoding = 4; lastKnownFileType = sourcecode.c.h; name = "UIBarButtonItem+ImageItem.h"; path = "Helper/UIBarButtonItem+ImageItem.h"; sourceTree = "<group>"; };
		059C6FE51AEB7E6800E3EBA0 /* UIBarButtonItem+ImageItem.m */ = {isa = PBXFileReference; fileEncoding = 4; lastKnownFileType = sourcecode.c.objc; name = "UIBarButtonItem+ImageItem.m"; path = "Helper/UIBarButtonItem+ImageItem.m"; sourceTree = "<group>"; };
		059C6FE71AEBB5B300E3EBA0 /* LZHNotice.h */ = {isa = PBXFileReference; fileEncoding = 4; lastKnownFileType = sourcecode.c.h; name = LZHNotice.h; path = Models/LZHNotice.h; sourceTree = "<group>"; };
		059C6FE81AEBB5B300E3EBA0 /* LZHNotice.m */ = {isa = PBXFileReference; fileEncoding = 4; lastKnownFileType = sourcecode.c.objc; name = LZHNotice.m; path = Models/LZHNotice.m; sourceTree = "<group>"; };
		059C70011AEBE08100E3EBA0 /* LZHCookieManager.h */ = {isa = PBXFileReference; fileEncoding = 4; lastKnownFileType = sourcecode.c.h; name = LZHCookieManager.h; path = Helper/LZHCookieManager.h; sourceTree = "<group>"; };
		059C70021AEBE08100E3EBA0 /* LZHCookieManager.m */ = {isa = PBXFileReference; fileEncoding = 4; lastKnownFileType = sourcecode.c.objc; name = LZHCookieManager.m; path = Helper/LZHCookieManager.m; sourceTree = "<group>"; };
		059C70041AECB15500E3EBA0 /* LZHThreadTableViewCell.h */ = {isa = PBXFileReference; fileEncoding = 4; lastKnownFileType = sourcecode.c.h; name = LZHThreadTableViewCell.h; path = Views/LZHThreadTableViewCell.h; sourceTree = "<group>"; };
		059C70051AECB15500E3EBA0 /* LZHThreadTableViewCell.m */ = {isa = PBXFileReference; fileEncoding = 4; lastKnownFileType = sourcecode.c.objc; name = LZHThreadTableViewCell.m; path = Views/LZHThreadTableViewCell.m; sourceTree = "<group>"; };
		059C70071AECB52600E3EBA0 /* LZHUser.h */ = {isa = PBXFileReference; fileEncoding = 4; lastKnownFileType = sourcecode.c.h; name = LZHUser.h; path = Models/LZHUser.h; sourceTree = "<group>"; };
		059C70081AECB52600E3EBA0 /* LZHUser.m */ = {isa = PBXFileReference; fileEncoding = 4; lastKnownFileType = sourcecode.c.objc; name = LZHUser.m; path = Models/LZHUser.m; sourceTree = "<group>"; };
		059C700A1AECB97900E3EBA0 /* LZHBlackList.h */ = {isa = PBXFileReference; fileEncoding = 4; lastKnownFileType = sourcecode.c.h; name = LZHBlackList.h; path = Models/LZHBlackList.h; sourceTree = "<group>"; };
		059C700B1AECB97900E3EBA0 /* LZHBlackList.m */ = {isa = PBXFileReference; fileEncoding = 4; lastKnownFileType = sourcecode.c.objc; name = LZHBlackList.m; path = Models/LZHBlackList.m; sourceTree = "<group>"; };
		059C700D1AECB99200E3EBA0 /* LZHReadList.h */ = {isa = PBXFileReference; fileEncoding = 4; lastKnownFileType = sourcecode.c.h; name = LZHReadList.h; path = Models/LZHReadList.h; sourceTree = "<group>"; };
		059C700E1AECB99200E3EBA0 /* LZHReadList.m */ = {isa = PBXFileReference; fileEncoding = 4; lastKnownFileType = sourcecode.c.objc; name = LZHReadList.m; path = Models/LZHReadList.m; sourceTree = "<group>"; };
		059C70101AECBEE200E3EBA0 /* LZHThread.h */ = {isa = PBXFileReference; fileEncoding = 4; lastKnownFileType = sourcecode.c.h; name = LZHThread.h; path = Models/LZHThread.h; sourceTree = "<group>"; };
		059C70111AECBEE200E3EBA0 /* LZHThread.m */ = {isa = PBXFileReference; fileEncoding = 4; lastKnownFileType = sourcecode.c.objc; name = LZHThread.m; path = Models/LZHThread.m; sourceTree = "<group>"; };
		05AAA0751B0A3F320007376E /* LZHReply.h */ = {isa = PBXFileReference; fileEncoding = 4; lastKnownFileType = sourcecode.c.h; name = LZHReply.h; path = Models/LZHReply.h; sourceTree = "<group>"; };
		05AAA0761B0A3F320007376E /* LZHReply.m */ = {isa = PBXFileReference; fileEncoding = 4; lastKnownFileType = sourcecode.c.objc; name = LZHReply.m; path = Models/LZHReply.m; sourceTree = "<group>"; };
		05AAA07B1B0D73650007376E /* LZHSendPmViewController.h */ = {isa = PBXFileReference; fileEncoding = 4; lastKnownFileType = sourcecode.c.h; name = LZHSendPmViewController.h; path = Controllers/LZHSendPmViewController.h; sourceTree = "<group>"; };
		05AAA07C1B0D73650007376E /* LZHSendPmViewController.m */ = {isa = PBXFileReference; fileEncoding = 4; lastKnownFileType = sourcecode.c.objc; name = LZHSendPmViewController.m; path = Controllers/LZHSendPmViewController.m; sourceTree = "<group>"; };
		05AAA0841B0DA4760007376E /* LZHCustomeTransition.h */ = {isa = PBXFileReference; fileEncoding = 4; lastKnownFileType = sourcecode.c.h; name = LZHCustomeTransition.h; path = Helper/LZHCustomeTransition.h; sourceTree = "<group>"; };
		05AAA0851B0DA4760007376E /* LZHCustomeTransition.m */ = {isa = PBXFileReference; fileEncoding = 4; lastKnownFileType = sourcecode.c.objc; name = LZHCustomeTransition.m; path = Helper/LZHCustomeTransition.m; sourceTree = "<group>"; };
		05AB1E6B1AEA928700D139A1 /* HiPDA V2.app */ = {isa = PBXFileReference; explicitFileType = wrapper.application; includeInIndex = 0; path = "HiPDA V2.app"; sourceTree = BUILT_PRODUCTS_DIR; };
		05AB1E6F1AEA928700D139A1 /* Info.plist */ = {isa = PBXFileReference; lastKnownFileType = text.plist.xml; path = Info.plist; sourceTree = "<group>"; };
		05AB1E701AEA928700D139A1 /* main.m */ = {isa = PBXFileReference; lastKnownFileType = sourcecode.c.objc; path = main.m; sourceTree = "<group>"; };
		05AB1E721AEA928700D139A1 /* AppDelegate.h */ = {isa = PBXFileReference; lastKnownFileType = sourcecode.c.h; path = AppDelegate.h; sourceTree = "<group>"; };
		05AB1E731AEA928700D139A1 /* AppDelegate.m */ = {isa = PBXFileReference; lastKnownFileType = sourcecode.c.objc; path = AppDelegate.m; sourceTree = "<group>"; };
		05AB1E7B1AEA928700D139A1 /* Images.xcassets */ = {isa = PBXFileReference; lastKnownFileType = folder.assetcatalog; path = Images.xcassets; sourceTree = "<group>"; };
		05AB1E7E1AEA928700D139A1 /* Base */ = {isa = PBXFileReference; lastKnownFileType = file.xib; name = Base; path = Base.lproj/LaunchScreen.xib; sourceTree = "<group>"; };
		05AB1E841AEA928700D139A1 /* HiPDA V2Tests.xctest */ = {isa = PBXFileReference; explicitFileType = wrapper.cfbundle; includeInIndex = 0; path = "HiPDA V2Tests.xctest"; sourceTree = BUILT_PRODUCTS_DIR; };
		05AB1E891AEA928700D139A1 /* Info.plist */ = {isa = PBXFileReference; lastKnownFileType = text.plist.xml; path = Info.plist; sourceTree = "<group>"; };
		05AB1E8A1AEA928700D139A1 /* HiPDA_V2Tests.m */ = {isa = PBXFileReference; lastKnownFileType = sourcecode.c.objc; path = HiPDA_V2Tests.m; sourceTree = "<group>"; };
		05AB1E981AEA93FA00D139A1 /* LZHAccount.h */ = {isa = PBXFileReference; fileEncoding = 4; lastKnownFileType = sourcecode.c.h; name = LZHAccount.h; path = Models/LZHAccount.h; sourceTree = "<group>"; };
		05AB1E991AEA93FA00D139A1 /* LZHAccount.m */ = {isa = PBXFileReference; fileEncoding = 4; lastKnownFileType = sourcecode.c.objc; name = LZHAccount.m; path = Models/LZHAccount.m; sourceTree = "<group>"; };
		05B51FD91B17360300CACB03 /* LZHMyPostsTableViewCell.h */ = {isa = PBXFileReference; fileEncoding = 4; lastKnownFileType = sourcecode.c.h; name = LZHMyPostsTableViewCell.h; path = Views/LZHMyPostsTableViewCell.h; sourceTree = "<group>"; };
		05B51FDA1B17360300CACB03 /* LZHMyPostsTableViewCell.m */ = {isa = PBXFileReference; fileEncoding = 4; lastKnownFileType = sourcecode.c.objc; name = LZHMyPostsTableViewCell.m; path = Views/LZHMyPostsTableViewCell.m; sourceTree = "<group>"; };
		05B51FDC1B174AD000CACB03 /* LZHMyFavorite.h */ = {isa = PBXFileReference; fileEncoding = 4; lastKnownFileType = sourcecode.c.h; name = LZHMyFavorite.h; path = Models/LZHMyFavorite.h; sourceTree = "<group>"; };
		05B51FDD1B174AD000CACB03 /* LZHMyFavorite.m */ = {isa = PBXFileReference; fileEncoding = 4; lastKnownFileType = sourcecode.c.objc; name = LZHMyFavorite.m; path = Models/LZHMyFavorite.m; sourceTree = "<group>"; };
		05B51FDF1B1753FF00CACB03 /* LZHMyFavoritesTableViewCell.h */ = {isa = PBXFileReference; fileEncoding = 4; lastKnownFileType = sourcecode.c.h; name = LZHMyFavoritesTableViewCell.h; path = Views/LZHMyFavoritesTableViewCell.h; sourceTree = "<group>"; };
		05B51FE01B1753FF00CACB03 /* LZHMyFavoritesTableViewCell.m */ = {isa = PBXFileReference; fileEncoding = 4; lastKnownFileType = sourcecode.c.objc; name = LZHMyFavoritesTableViewCell.m; path = Views/LZHMyFavoritesTableViewCell.m; sourceTree = "<group>"; };
		05C92D651B180E34004674EE /* LZHSearchResult.h */ = {isa = PBXFileReference; fileEncoding = 4; lastKnownFileType = sourcecode.c.h; name = LZHSearchResult.h; path = Models/LZHSearchResult.h; sourceTree = "<group>"; };
		05C92D661B180E34004674EE /* LZHSearchResult.m */ = {isa = PBXFileReference; fileEncoding = 4; lastKnownFileType = sourcecode.c.objc; name = LZHSearchResult.m; path = Models/LZHSearchResult.m; sourceTree = "<group>"; };
		05C92DA01B188380004674EE /* LZHSearchResultTableViewCell.h */ = {isa = PBXFileReference; fileEncoding = 4; lastKnownFileType = sourcecode.c.h; name = LZHSearchResultTableViewCell.h; path = Views/LZHSearchResultTableViewCell.h; sourceTree = "<group>"; };
		05C92DA11B188380004674EE /* LZHSearchResultTableViewCell.m */ = {isa = PBXFileReference; fileEncoding = 4; lastKnownFileType = sourcecode.c.objc; name = LZHSearchResultTableViewCell.m; path = Views/LZHSearchResultTableViewCell.m; sourceTree = "<group>"; };
		05D128DA1B02388300CC586E /* LZHPersonalMessageViewController.h */ = {isa = PBXFileReference; fileEncoding = 4; lastKnownFileType = sourcecode.c.h; name = LZHPersonalMessageViewController.h; path = Controllers/LZHPersonalMessageViewController.h; sourceTree = "<group>"; };
		05D128DB1B02388300CC586E /* LZHPersonalMessageViewController.m */ = {isa = PBXFileReference; fileEncoding = 4; lastKnownFileType = sourcecode.c.objc; name = LZHPersonalMessageViewController.m; path = Controllers/LZHPersonalMessageViewController.m; sourceTree = "<group>"; };
		05D128DD1B0238B100CC586E /* LZHMyThreadViewController.h */ = {isa = PBXFileReference; fileEncoding = 4; lastKnownFileType = sourcecode.c.h; name = LZHMyThreadViewController.h; path = Controllers/LZHMyThreadViewController.h; sourceTree = "<group>"; };
		05D128DE1B0238B100CC586E /* LZHMyThreadViewController.m */ = {isa = PBXFileReference; fileEncoding = 4; lastKnownFileType = sourcecode.c.objc; name = LZHMyThreadViewController.m; path = Controllers/LZHMyThreadViewController.m; sourceTree = "<group>"; };
		05D128E01B0238C500CC586E /* LZHSearchViewController.h */ = {isa = PBXFileReference; fileEncoding = 4; lastKnownFileType = sourcecode.c.h; name = LZHSearchViewController.h; path = Controllers/LZHSearchViewController.h; sourceTree = "<group>"; };
		05D128E11B0238C500CC586E /* LZHSearchViewController.m */ = {isa = PBXFileReference; fileEncoding = 4; lastKnownFileType = sourcecode.c.objc; name = LZHSearchViewController.m; path = Controllers/LZHSearchViewController.m; sourceTree = "<group>"; };
		05D128E31B02391600CC586E /* LZHSettingsViewController.h */ = {isa = PBXFileReference; fileEncoding = 4; lastKnownFileType = sourcecode.c.h; name = LZHSettingsViewController.h; path = Controllers/LZHSettingsViewController.h; sourceTree = "<group>"; };
		05D128E41B02391600CC586E /* LZHSettingsViewController.m */ = {isa = PBXFileReference; fileEncoding = 4; lastKnownFileType = sourcecode.c.objc; name = LZHSettingsViewController.m; path = Controllers/LZHSettingsViewController.m; sourceTree = "<group>"; };
		05D128E61B02F0F800CC586E /* UIImage+LZHHIPDA.h */ = {isa = PBXFileReference; fileEncoding = 4; lastKnownFileType = sourcecode.c.h; name = "UIImage+LZHHIPDA.h"; path = "Helper/UIImage+LZHHIPDA.h"; sourceTree = "<group>"; };
		05D128E71B02F0F800CC586E /* UIImage+LZHHIPDA.m */ = {isa = PBXFileReference; fileEncoding = 4; lastKnownFileType = sourcecode.c.objc; name = "UIImage+LZHHIPDA.m"; path = "Helper/UIImage+LZHHIPDA.m"; sourceTree = "<group>"; };
		05D128F11B072A4500CC586E /* LZHPrompt.h */ = {isa = PBXFileReference; fileEncoding = 4; lastKnownFileType = sourcecode.c.h; name = LZHPrompt.h; path = Models/LZHPrompt.h; sourceTree = "<group>"; };
		05D128F21B072A4500CC586E /* LZHPrompt.m */ = {isa = PBXFileReference; fileEncoding = 4; lastKnownFileType = sourcecode.c.objc; name = LZHPrompt.m; path = Models/LZHPrompt.m; sourceTree = "<group>"; };
		05D128F41B074F8F00CC586E /* LZHPromptPmTableViewCell.h */ = {isa = PBXFileReference; fileEncoding = 4; lastKnownFileType = sourcecode.c.h; name = LZHPromptPmTableViewCell.h; path = Views/LZHPromptPmTableViewCell.h; sourceTree = "<group>"; };
		05D128F51B074F8F00CC586E /* LZHPromptPmTableViewCell.m */ = {isa = PBXFileReference; fileEncoding = 4; lastKnownFileType = sourcecode.c.objc; name = LZHPromptPmTableViewCell.m; path = Views/LZHPromptPmTableViewCell.m; sourceTree = "<group>"; };
		05DF6E651B086EDD00485E71 /* LZHMessagesViewController.h */ = {isa = PBXFileReference; fileEncoding = 4; lastKnownFileType = sourcecode.c.h; name = LZHMessagesViewController.h; path = Controllers/LZHMessagesViewController.h; sourceTree = "<group>"; };
		05DF6E661B086EDD00485E71 /* LZHMessagesViewController.m */ = {isa = PBXFileReference; fileEncoding = 4; lastKnownFileType = sourcecode.c.objc; name = LZHMessagesViewController.m; path = Controllers/LZHMessagesViewController.m; sourceTree = "<group>"; };
		05DF6E681B086F3F00485E71 /* LZHMessageDataModel.h */ = {isa = PBXFileReference; fileEncoding = 4; lastKnownFileType = sourcecode.c.h; name = LZHMessageDataModel.h; path = Models/LZHMessageDataModel.h; sourceTree = "<group>"; };
		05DF6E691B086F3F00485E71 /* LZHMessageDataModel.m */ = {isa = PBXFileReference; fileEncoding = 4; lastKnownFileType = sourcecode.c.objc; name = LZHMessageDataModel.m; path = Models/LZHMessageDataModel.m; sourceTree = "<group>"; };
		05E69F3F1AED4489009144F1 /* LZHHtmlParser.h */ = {isa = PBXFileReference; fileEncoding = 4; lastKnownFileType = sourcecode.c.h; name = LZHHtmlParser.h; path = Helper/LZHHtmlParser.h; sourceTree = "<group>"; };
		05E69F401AED4489009144F1 /* LZHHtmlParser.m */ = {isa = PBXFileReference; fileEncoding = 4; lastKnownFileType = sourcecode.c.objc; name = LZHHtmlParser.m; path = Helper/LZHHtmlParser.m; sourceTree = "<group>"; };
		05FE9B5C1AFFA6FF00435E2C /* LZHSettings.h */ = {isa = PBXFileReference; fileEncoding = 4; lastKnownFileType = sourcecode.c.h; name = LZHSettings.h; path = Models/LZHSettings.h; sourceTree = "<group>"; };
		05FE9B5D1AFFA6FF00435E2C /* LZHSettings.m */ = {isa = PBXFileReference; fileEncoding = 4; lastKnownFileType = sourcecode.c.objc; name = LZHSettings.m; path = Models/LZHSettings.m; sourceTree = "<group>"; };
		086E26437F1D9A4204BD3A65 /* Pods.debug.xcconfig */ = {isa = PBXFileReference; includeInIndex = 1; lastKnownFileType = text.xcconfig; name = Pods.debug.xcconfig; path = "Pods/Target Support Files/Pods/Pods.debug.xcconfig"; sourceTree = "<group>"; };
		3204824E7083C9E38B376889 /* libPods.a */ = {isa = PBXFileReference; explicitFileType = archive.ar; includeInIndex = 0; path = libPods.a; sourceTree = BUILT_PRODUCTS_DIR; };
		52930F4520ED541CFB3FED16 /* Pods.release.xcconfig */ = {isa = PBXFileReference; includeInIndex = 1; lastKnownFileType = text.xcconfig; name = Pods.release.xcconfig; path = "Pods/Target Support Files/Pods/Pods.release.xcconfig"; sourceTree = "<group>"; };
/* End PBXFileReference section */

/* Begin PBXFrameworksBuildPhase section */
		05AB1E681AEA928700D139A1 /* Frameworks */ = {
			isa = PBXFrameworksBuildPhase;
			buildActionMask = 2147483647;
			files = (
				564F40B18AF81CA936455DAE /* libPods.a in Frameworks */,
			);
			runOnlyForDeploymentPostprocessing = 0;
		};
		05AB1E811AEA928700D139A1 /* Frameworks */ = {
			isa = PBXFrameworksBuildPhase;
			buildActionMask = 2147483647;
			files = (
			);
			runOnlyForDeploymentPostprocessing = 0;
		};
/* End PBXFrameworksBuildPhase section */

/* Begin PBXGroup section */
		05AB1E621AEA928700D139A1 = {
			isa = PBXGroup;
			children = (
				05AB1E6D1AEA928700D139A1 /* HiPDA V2 */,
				05AB1E871AEA928700D139A1 /* HiPDA V2Tests */,
				05AB1E6C1AEA928700D139A1 /* Products */,
				9E75B5391FE64A29E515FB0A /* Pods */,
				B9B19950310AB78A75B2A88C /* Frameworks */,
			);
			sourceTree = "<group>";
		};
		05AB1E6C1AEA928700D139A1 /* Products */ = {
			isa = PBXGroup;
			children = (
				05AB1E6B1AEA928700D139A1 /* HiPDA V2.app */,
				05AB1E841AEA928700D139A1 /* HiPDA V2Tests.xctest */,
			);
			name = Products;
			sourceTree = "<group>";
		};
		05AB1E6D1AEA928700D139A1 /* HiPDA V2 */ = {
			isa = PBXGroup;
			children = (
				05AB1E971AEA93E100D139A1 /* Helper */,
				05AB1E961AEA93DC00D139A1 /* Models */,
				05AB1E951AEA93D700D139A1 /* Views */,
				05AB1E941AEA93CE00D139A1 /* Controllers */,
				05AB1E721AEA928700D139A1 /* AppDelegate.h */,
				05AB1E731AEA928700D139A1 /* AppDelegate.m */,
				05AB1E7B1AEA928700D139A1 /* Images.xcassets */,
				05AB1E7D1AEA928700D139A1 /* LaunchScreen.xib */,
				05AB1E6E1AEA928700D139A1 /* Supporting Files */,
			);
			path = "HiPDA V2";
			sourceTree = "<group>";
		};
		05AB1E6E1AEA928700D139A1 /* Supporting Files */ = {
			isa = PBXGroup;
			children = (
				05AB1E6F1AEA928700D139A1 /* Info.plist */,
				05AB1E701AEA928700D139A1 /* main.m */,
			);
			name = "Supporting Files";
			sourceTree = "<group>";
		};
		05AB1E871AEA928700D139A1 /* HiPDA V2Tests */ = {
			isa = PBXGroup;
			children = (
				05AB1E8A1AEA928700D139A1 /* HiPDA_V2Tests.m */,
				05AB1E881AEA928700D139A1 /* Supporting Files */,
			);
			path = "HiPDA V2Tests";
			sourceTree = "<group>";
		};
		05AB1E881AEA928700D139A1 /* Supporting Files */ = {
			isa = PBXGroup;
			children = (
				05AB1E891AEA928700D139A1 /* Info.plist */,
			);
			name = "Supporting Files";
			sourceTree = "<group>";
		};
		05AB1E941AEA93CE00D139A1 /* Controllers */ = {
			isa = PBXGroup;
			children = (
				059C6FDE1AEB4FD300E3EBA0 /* LZHLoginViewController.h */,
				059C6FDF1AEB4FD300E3EBA0 /* LZHLoginViewController.m */,
				059C6FD21AEB3C9400E3EBA0 /* LZHMemberContorlPanelViewController.h */,
				059C6FD31AEB3C9400E3EBA0 /* LZHMemberContorlPanelViewController.m */,
				059C6FD81AEB4C7A00E3EBA0 /* LZHThreadViewController.h */,
				059C6FD91AEB4C7A00E3EBA0 /* LZHThreadViewController.m */,
				05966D8A1AF39F3A0056CA92 /* LZHPostViewController.h */,
				05966D8B1AF39F3A0056CA92 /* LZHPostViewController.m */,
				0589E5D71AFA2A790094E060 /* LZHProfileViewController.h */,
				0589E5D81AFA2A790094E060 /* LZHProfileViewController.m */,
				05D128DA1B02388300CC586E /* LZHPersonalMessageViewController.h */,
				05D128DB1B02388300CC586E /* LZHPersonalMessageViewController.m */,
				05D128DD1B0238B100CC586E /* LZHMyThreadViewController.h */,
				05D128DE1B0238B100CC586E /* LZHMyThreadViewController.m */,
				05D128E01B0238C500CC586E /* LZHSearchViewController.h */,
				05D128E11B0238C500CC586E /* LZHSearchViewController.m */,
				05D128E31B02391600CC586E /* LZHSettingsViewController.h */,
				05D128E41B02391600CC586E /* LZHSettingsViewController.m */,
				05DF6E651B086EDD00485E71 /* LZHMessagesViewController.h */,
				05DF6E661B086EDD00485E71 /* LZHMessagesViewController.m */,
				05AAA07B1B0D73650007376E /* LZHSendPmViewController.h */,
				05AAA07C1B0D73650007376E /* LZHSendPmViewController.m */,
				0521315F1B1F46430056EE4C /* LZHReplyViewController.h */,
				052131601B1F46430056EE4C /* LZHReplyViewController.m */,
			);
			name = Controllers;
			sourceTree = "<group>";
		};
		05AB1E951AEA93D700D139A1 /* Views */ = {
			isa = PBXGroup;
			children = (
				057DF5901AF7A73700FC6360 /* LZHPostList.html */,
				059C70041AECB15500E3EBA0 /* LZHThreadTableViewCell.h */,
				059C70051AECB15500E3EBA0 /* LZHThreadTableViewCell.m */,
				05D128F41B074F8F00CC586E /* LZHPromptPmTableViewCell.h */,
				05D128F51B074F8F00CC586E /* LZHPromptPmTableViewCell.m */,
				0583B12D1B15A6D5004258EB /* LZHThreadsNoticeTableViewCell.h */,
				0583B12E1B15A6D5004258EB /* LZHThreadsNoticeTableViewCell.m */,
				0583B1361B1609FA004258EB /* LZHMyThreadsTableViewCell.h */,
				0583B1371B1609FA004258EB /* LZHMyThreadsTableViewCell.m */,
				05B51FD91B17360300CACB03 /* LZHMyPostsTableViewCell.h */,
				05B51FDA1B17360300CACB03 /* LZHMyPostsTableViewCell.m */,
				05B51FDF1B1753FF00CACB03 /* LZHMyFavoritesTableViewCell.h */,
				05B51FE01B1753FF00CACB03 /* LZHMyFavoritesTableViewCell.m */,
				05C92DA01B188380004674EE /* LZHSearchResultTableViewCell.h */,
				05C92DA11B188380004674EE /* LZHSearchResultTableViewCell.m */,
			);
			name = Views;
			sourceTree = "<group>";
		};
		05AB1E961AEA93DC00D139A1 /* Models */ = {
			isa = PBXGroup;
			children = (
				05FE9B5C1AFFA6FF00435E2C /* LZHSettings.h */,
				05FE9B5D1AFFA6FF00435E2C /* LZHSettings.m */,
				05AB1E981AEA93FA00D139A1 /* LZHAccount.h */,
				05AB1E991AEA93FA00D139A1 /* LZHAccount.m */,
				059C6FE71AEBB5B300E3EBA0 /* LZHNotice.h */,
				059C6FE81AEBB5B300E3EBA0 /* LZHNotice.m */,
				059C70071AECB52600E3EBA0 /* LZHUser.h */,
				059C70081AECB52600E3EBA0 /* LZHUser.m */,
				059C700A1AECB97900E3EBA0 /* LZHBlackList.h */,
				059C700B1AECB97900E3EBA0 /* LZHBlackList.m */,
				059C700D1AECB99200E3EBA0 /* LZHReadList.h */,
				059C700E1AECB99200E3EBA0 /* LZHReadList.m */,
				059C70101AECBEE200E3EBA0 /* LZHThread.h */,
				059C70111AECBEE200E3EBA0 /* LZHThread.m */,
				0583384F1AF33E9D00A20792 /* LZHPost.h */,
				058338501AF33E9D00A20792 /* LZHPost.m */,
				05D128F11B072A4500CC586E /* LZHPrompt.h */,
				05D128F21B072A4500CC586E /* LZHPrompt.m */,
				05DF6E681B086F3F00485E71 /* LZHMessageDataModel.h */,
				05DF6E691B086F3F00485E71 /* LZHMessageDataModel.m */,
				05AAA0751B0A3F320007376E /* LZHReply.h */,
				05AAA0761B0A3F320007376E /* LZHReply.m */,
				0583B1301B15A70B004258EB /* LZHThreadNotice.h */,
				0583B1311B15A70B004258EB /* LZHThreadNotice.m */,
				0583B1331B160116004258EB /* LZHMyThread.h */,
				0583B1341B160116004258EB /* LZHMyThread.m */,
				0583B1391B161C64004258EB /* LZHMyPost.h */,
				0583B13A1B161C64004258EB /* LZHMyPost.m */,
				05B51FDC1B174AD000CACB03 /* LZHMyFavorite.h */,
				05B51FDD1B174AD000CACB03 /* LZHMyFavorite.m */,
				05C92D651B180E34004674EE /* LZHSearchResult.h */,
				05C92D661B180E34004674EE /* LZHSearchResult.m */,
				0514C6161B1F2F6D0038D43F /* LZHAddFavorite.h */,
				0514C6171B1F2F6D0038D43F /* LZHAddFavorite.m */,
			);
			name = Models;
			sourceTree = "<group>";
		};
		05AB1E971AEA93E100D139A1 /* Helper */ = {
			isa = PBXGroup;
			children = (
				059C6FE41AEB7E6800E3EBA0 /* UIBarButtonItem+ImageItem.h */,
				059C6FE51AEB7E6800E3EBA0 /* UIBarButtonItem+ImageItem.m */,
				059C6FC91AEB293500E3EBA0 /* LZHHTTPRequestOperationManager.h */,
				059C6FCA1AEB293500E3EBA0 /* LZHHTTPRequestOperationManager.m */,
				059C6FCC1AEB2D4C00E3EBA0 /* LZHNetworkFetcher.h */,
				059C6FCD1AEB2D4C00E3EBA0 /* LZHNetworkFetcher.m */,
				059C6FCF1AEB35DD00E3EBA0 /* NSString+LZHHIPDA.h */,
				059C6FD01AEB35DD00E3EBA0 /* NSString+LZHHIPDA.m */,
				059C6FE11AEB658300E3EBA0 /* LZHShowMessage.h */,
				059C6FE21AEB658300E3EBA0 /* LZHShowMessage.m */,
				059C70011AEBE08100E3EBA0 /* LZHCookieManager.h */,
				059C70021AEBE08100E3EBA0 /* LZHCookieManager.m */,
				05E69F3F1AED4489009144F1 /* LZHHtmlParser.h */,
				05E69F401AED4489009144F1 /* LZHHtmlParser.m */,
				05D128E61B02F0F800CC586E /* UIImage+LZHHIPDA.h */,
				05D128E71B02F0F800CC586E /* UIImage+LZHHIPDA.m */,
				05AAA0841B0DA4760007376E /* LZHCustomeTransition.h */,
				05AAA0851B0DA4760007376E /* LZHCustomeTransition.m */,
			);
			name = Helper;
			sourceTree = "<group>";
		};
		9E75B5391FE64A29E515FB0A /* Pods */ = {
			isa = PBXGroup;
			children = (
				086E26437F1D9A4204BD3A65 /* Pods.debug.xcconfig */,
				52930F4520ED541CFB3FED16 /* Pods.release.xcconfig */,
			);
			name = Pods;
			sourceTree = "<group>";
		};
		B9B19950310AB78A75B2A88C /* Frameworks */ = {
			isa = PBXGroup;
			children = (
				3204824E7083C9E38B376889 /* libPods.a */,
			);
			name = Frameworks;
			sourceTree = "<group>";
		};
/* End PBXGroup section */

/* Begin PBXNativeTarget section */
		05AB1E6A1AEA928700D139A1 /* HiPDA V2 */ = {
			isa = PBXNativeTarget;
			buildConfigurationList = 05AB1E8E1AEA928700D139A1 /* Build configuration list for PBXNativeTarget "HiPDA V2" */;
			buildPhases = (
				17320724EF68742EFEED607D /* Check Pods Manifest.lock */,
				05AB1E671AEA928700D139A1 /* Sources */,
				05AB1E681AEA928700D139A1 /* Frameworks */,
				05AB1E691AEA928700D139A1 /* Resources */,
				FE5A53F366488788D0F9E57C /* Copy Pods Resources */,
			);
			buildRules = (
			);
			dependencies = (
			);
			name = "HiPDA V2";
			productName = "HiPDA V2";
			productReference = 05AB1E6B1AEA928700D139A1 /* HiPDA V2.app */;
			productType = "com.apple.product-type.application";
		};
		05AB1E831AEA928700D139A1 /* HiPDA V2Tests */ = {
			isa = PBXNativeTarget;
			buildConfigurationList = 05AB1E911AEA928700D139A1 /* Build configuration list for PBXNativeTarget "HiPDA V2Tests" */;
			buildPhases = (
				05AB1E801AEA928700D139A1 /* Sources */,
				05AB1E811AEA928700D139A1 /* Frameworks */,
				05AB1E821AEA928700D139A1 /* Resources */,
			);
			buildRules = (
			);
			dependencies = (
				05AB1E861AEA928700D139A1 /* PBXTargetDependency */,
			);
			name = "HiPDA V2Tests";
			productName = "HiPDA V2Tests";
			productReference = 05AB1E841AEA928700D139A1 /* HiPDA V2Tests.xctest */;
			productType = "com.apple.product-type.bundle.unit-test";
		};
/* End PBXNativeTarget section */

/* Begin PBXProject section */
		05AB1E631AEA928700D139A1 /* Project object */ = {
			isa = PBXProject;
			attributes = {
				LastUpgradeCheck = 0630;
				ORGANIZATIONNAME = leizh007;
				TargetAttributes = {
					05AB1E6A1AEA928700D139A1 = {
						CreatedOnToolsVersion = 6.3;
					};
					05AB1E831AEA928700D139A1 = {
						CreatedOnToolsVersion = 6.3;
						TestTargetID = 05AB1E6A1AEA928700D139A1;
					};
				};
			};
			buildConfigurationList = 05AB1E661AEA928700D139A1 /* Build configuration list for PBXProject "HiPDA V2" */;
			compatibilityVersion = "Xcode 3.2";
			developmentRegion = English;
			hasScannedForEncodings = 0;
			knownRegions = (
				en,
				Base,
			);
			mainGroup = 05AB1E621AEA928700D139A1;
			productRefGroup = 05AB1E6C1AEA928700D139A1 /* Products */;
			projectDirPath = "";
			projectRoot = "";
			targets = (
				05AB1E6A1AEA928700D139A1 /* HiPDA V2 */,
				05AB1E831AEA928700D139A1 /* HiPDA V2Tests */,
			);
		};
/* End PBXProject section */

/* Begin PBXResourcesBuildPhase section */
		05AB1E691AEA928700D139A1 /* Resources */ = {
			isa = PBXResourcesBuildPhase;
			buildActionMask = 2147483647;
			files = (
				05AB1E7F1AEA928700D139A1 /* LaunchScreen.xib in Resources */,
				05AB1E7C1AEA928700D139A1 /* Images.xcassets in Resources */,
				057DF5911AF7A73700FC6360 /* LZHPostList.html in Resources */,
			);
			runOnlyForDeploymentPostprocessing = 0;
		};
		05AB1E821AEA928700D139A1 /* Resources */ = {
			isa = PBXResourcesBuildPhase;
			buildActionMask = 2147483647;
			files = (
			);
			runOnlyForDeploymentPostprocessing = 0;
		};
/* End PBXResourcesBuildPhase section */

/* Begin PBXShellScriptBuildPhase section */
		17320724EF68742EFEED607D /* Check Pods Manifest.lock */ = {
			isa = PBXShellScriptBuildPhase;
			buildActionMask = 2147483647;
			files = (
			);
			inputPaths = (
			);
			name = "Check Pods Manifest.lock";
			outputPaths = (
			);
			runOnlyForDeploymentPostprocessing = 0;
			shellPath = /bin/sh;
			shellScript = "diff \"${PODS_ROOT}/../Podfile.lock\" \"${PODS_ROOT}/Manifest.lock\" > /dev/null\nif [[ $? != 0 ]] ; then\n    cat << EOM\nerror: The sandbox is not in sync with the Podfile.lock. Run 'pod install' or update your CocoaPods installation.\nEOM\n    exit 1\nfi\n";
			showEnvVarsInLog = 0;
		};
		FE5A53F366488788D0F9E57C /* Copy Pods Resources */ = {
			isa = PBXShellScriptBuildPhase;
			buildActionMask = 2147483647;
			files = (
			);
			inputPaths = (
			);
			name = "Copy Pods Resources";
			outputPaths = (
			);
			runOnlyForDeploymentPostprocessing = 0;
			shellPath = /bin/sh;
			shellScript = "\"${SRCROOT}/Pods/Target Support Files/Pods/Pods-resources.sh\"\n";
			showEnvVarsInLog = 0;
		};
/* End PBXShellScriptBuildPhase section */

/* Begin PBXSourcesBuildPhase section */
		05AB1E671AEA928700D139A1 /* Sources */ = {
			isa = PBXSourcesBuildPhase;
			buildActionMask = 2147483647;
			files = (
				059C70061AECB15500E3EBA0 /* LZHThreadTableViewCell.m in Sources */,
				05C92DA21B188380004674EE /* LZHSearchResultTableViewCell.m in Sources */,
				052131611B1F46430056EE4C /* LZHReplyViewController.m in Sources */,
				059C70091AECB52600E3EBA0 /* LZHUser.m in Sources */,
				059C6FCB1AEB293500E3EBA0 /* LZHHTTPRequestOperationManager.m in Sources */,
				059C6FDA1AEB4C7A00E3EBA0 /* LZHThreadViewController.m in Sources */,
				0583B13B1B161C64004258EB /* LZHMyPost.m in Sources */,
				059C6FE31AEB658300E3EBA0 /* LZHShowMessage.m in Sources */,
				05966D8C1AF39F3A0056CA92 /* LZHPostViewController.m in Sources */,
				05AAA07D1B0D73650007376E /* LZHSendPmViewController.m in Sources */,
				05AB1E741AEA928700D139A1 /* AppDelegate.m in Sources */,
				0514C6181B1F2F6D0038D43F /* LZHAddFavorite.m in Sources */,
				0589E5D91AFA2A790094E060 /* LZHProfileViewController.m in Sources */,
				05AB1E9A1AEA93FA00D139A1 /* LZHAccount.m in Sources */,
				059C70031AEBE08100E3EBA0 /* LZHCookieManager.m in Sources */,
				0583B1321B15A70B004258EB /* LZHThreadNotice.m in Sources */,
				05D128DF1B0238B100CC586E /* LZHMyThreadViewController.m in Sources */,
				0583B12F1B15A6D5004258EB /* LZHThreadsNoticeTableViewCell.m in Sources */,
				0583B1351B160116004258EB /* LZHMyThread.m in Sources */,
				05D128E21B0238C500CC586E /* LZHSearchViewController.m in Sources */,
				059C6FE01AEB4FD300E3EBA0 /* LZHLoginViewController.m in Sources */,
				059C70121AECBEE200E3EBA0 /* LZHThread.m in Sources */,
				05AAA0861B0DA4760007376E /* LZHCustomeTransition.m in Sources */,
				05B51FDE1B174AD000CACB03 /* LZHMyFavorite.m in Sources */,
				05DF6E6A1B086F3F00485E71 /* LZHMessageDataModel.m in Sources */,
				05FE9B5E1AFFA6FF00435E2C /* LZHSettings.m in Sources */,
				05D128E51B02391600CC586E /* LZHSettingsViewController.m in Sources */,
				059C700F1AECB99200E3EBA0 /* LZHReadList.m in Sources */,
				05B51FDB1B17360300CACB03 /* LZHMyPostsTableViewCell.m in Sources */,
				05DF6E671B086EDD00485E71 /* LZHMessagesViewController.m in Sources */,
				059C6FD11AEB35DD00E3EBA0 /* NSString+LZHHIPDA.m in Sources */,
				05AB1E711AEA928700D139A1 /* main.m in Sources */,
				05E69F411AED4489009144F1 /* LZHHtmlParser.m in Sources */,
				0583B1381B1609FA004258EB /* LZHMyThreadsTableViewCell.m in Sources */,
				059C6FE61AEB7E6800E3EBA0 /* UIBarButtonItem+ImageItem.m in Sources */,
				05AAA0771B0A3F320007376E /* LZHReply.m in Sources */,
				05D128E81B02F0F800CC586E /* UIImage+LZHHIPDA.m in Sources */,
				059C6FCE1AEB2D4C00E3EBA0 /* LZHNetworkFetcher.m in Sources */,
				05C92D671B180E34004674EE /* LZHSearchResult.m in Sources */,
				059C6FE91AEBB5B300E3EBA0 /* LZHNotice.m in Sources */,
				058338511AF33E9D00A20792 /* LZHPost.m in Sources */,
				059C700C1AECB97900E3EBA0 /* LZHBlackList.m in Sources */,
				05D128F31B072A4500CC586E /* LZHPrompt.m in Sources */,
				05B51FE11B1753FF00CACB03 /* LZHMyFavoritesTableViewCell.m in Sources */,
				05D128F61B074F8F00CC586E /* LZHPromptPmTableViewCell.m in Sources */,
				059C6FD41AEB3C9400E3EBA0 /* LZHMemberContorlPanelViewController.m in Sources */,
				05D128DC1B02388300CC586E /* LZHPersonalMessageViewController.m in Sources */,
			);
			runOnlyForDeploymentPostprocessing = 0;
		};
		05AB1E801AEA928700D139A1 /* Sources */ = {
			isa = PBXSourcesBuildPhase;
			buildActionMask = 2147483647;
			files = (
				05AB1E8B1AEA928700D139A1 /* HiPDA_V2Tests.m in Sources */,
			);
			runOnlyForDeploymentPostprocessing = 0;
		};
/* End PBXSourcesBuildPhase section */

/* Begin PBXTargetDependency section */
		05AB1E861AEA928700D139A1 /* PBXTargetDependency */ = {
			isa = PBXTargetDependency;
			target = 05AB1E6A1AEA928700D139A1 /* HiPDA V2 */;
			targetProxy = 05AB1E851AEA928700D139A1 /* PBXContainerItemProxy */;
		};
/* End PBXTargetDependency section */

/* Begin PBXVariantGroup section */
		05AB1E7D1AEA928700D139A1 /* LaunchScreen.xib */ = {
			isa = PBXVariantGroup;
			children = (
				05AB1E7E1AEA928700D139A1 /* Base */,
			);
			name = LaunchScreen.xib;
			sourceTree = "<group>";
		};
/* End PBXVariantGroup section */

/* Begin XCBuildConfiguration section */
		05AB1E8C1AEA928700D139A1 /* Debug */ = {
			isa = XCBuildConfiguration;
			buildSettings = {
				ALWAYS_SEARCH_USER_PATHS = NO;
				CLANG_CXX_LANGUAGE_STANDARD = "gnu++0x";
				CLANG_CXX_LIBRARY = "libc++";
				CLANG_ENABLE_MODULES = YES;
				CLANG_ENABLE_OBJC_ARC = YES;
				CLANG_WARN_BOOL_CONVERSION = YES;
				CLANG_WARN_CONSTANT_CONVERSION = YES;
				CLANG_WARN_DIRECT_OBJC_ISA_USAGE = YES_ERROR;
				CLANG_WARN_EMPTY_BODY = YES;
				CLANG_WARN_ENUM_CONVERSION = YES;
				CLANG_WARN_INT_CONVERSION = YES;
				CLANG_WARN_OBJC_ROOT_CLASS = YES_ERROR;
				CLANG_WARN_UNREACHABLE_CODE = YES;
				CLANG_WARN__DUPLICATE_METHOD_MATCH = YES;
				"CODE_SIGN_IDENTITY[sdk=iphoneos*]" = "iPhone Developer";
				COPY_PHASE_STRIP = NO;
				DEBUG_INFORMATION_FORMAT = "dwarf-with-dsym";
				ENABLE_STRICT_OBJC_MSGSEND = YES;
				GCC_C_LANGUAGE_STANDARD = gnu99;
				GCC_DYNAMIC_NO_PIC = NO;
				GCC_NO_COMMON_BLOCKS = YES;
				GCC_OPTIMIZATION_LEVEL = 0;
				GCC_PREPROCESSOR_DEFINITIONS = (
					"DEBUG=1",
					"$(inherited)",
				);
				GCC_SYMBOLS_PRIVATE_EXTERN = NO;
				GCC_WARN_64_TO_32_BIT_CONVERSION = YES;
				GCC_WARN_ABOUT_RETURN_TYPE = YES_ERROR;
				GCC_WARN_UNDECLARED_SELECTOR = YES;
				GCC_WARN_UNINITIALIZED_AUTOS = YES_AGGRESSIVE;
				GCC_WARN_UNUSED_FUNCTION = YES;
				GCC_WARN_UNUSED_VARIABLE = YES;
				IPHONEOS_DEPLOYMENT_TARGET = 8.3;
				MTL_ENABLE_DEBUG_INFO = YES;
				ONLY_ACTIVE_ARCH = YES;
				SDKROOT = iphoneos;
			};
			name = Debug;
		};
		05AB1E8D1AEA928700D139A1 /* Release */ = {
			isa = XCBuildConfiguration;
			buildSettings = {
				ALWAYS_SEARCH_USER_PATHS = NO;
				CLANG_CXX_LANGUAGE_STANDARD = "gnu++0x";
				CLANG_CXX_LIBRARY = "libc++";
				CLANG_ENABLE_MODULES = YES;
				CLANG_ENABLE_OBJC_ARC = YES;
				CLANG_WARN_BOOL_CONVERSION = YES;
				CLANG_WARN_CONSTANT_CONVERSION = YES;
				CLANG_WARN_DIRECT_OBJC_ISA_USAGE = YES_ERROR;
				CLANG_WARN_EMPTY_BODY = YES;
				CLANG_WARN_ENUM_CONVERSION = YES;
				CLANG_WARN_INT_CONVERSION = YES;
				CLANG_WARN_OBJC_ROOT_CLASS = YES_ERROR;
				CLANG_WARN_UNREACHABLE_CODE = YES;
				CLANG_WARN__DUPLICATE_METHOD_MATCH = YES;
				"CODE_SIGN_IDENTITY[sdk=iphoneos*]" = "iPhone Developer";
				COPY_PHASE_STRIP = NO;
				DEBUG_INFORMATION_FORMAT = "dwarf-with-dsym";
				ENABLE_NS_ASSERTIONS = NO;
				ENABLE_STRICT_OBJC_MSGSEND = YES;
				GCC_C_LANGUAGE_STANDARD = gnu99;
				GCC_NO_COMMON_BLOCKS = YES;
				GCC_WARN_64_TO_32_BIT_CONVERSION = YES;
				GCC_WARN_ABOUT_RETURN_TYPE = YES_ERROR;
				GCC_WARN_UNDECLARED_SELECTOR = YES;
				GCC_WARN_UNINITIALIZED_AUTOS = YES_AGGRESSIVE;
				GCC_WARN_UNUSED_FUNCTION = YES;
				GCC_WARN_UNUSED_VARIABLE = YES;
				IPHONEOS_DEPLOYMENT_TARGET = 8.3;
				MTL_ENABLE_DEBUG_INFO = NO;
				SDKROOT = iphoneos;
				VALIDATE_PRODUCT = YES;
			};
			name = Release;
		};
		05AB1E8F1AEA928700D139A1 /* Debug */ = {
			isa = XCBuildConfiguration;
			baseConfigurationReference = 086E26437F1D9A4204BD3A65 /* Pods.debug.xcconfig */;
			buildSettings = {
				ASSETCATALOG_COMPILER_APPICON_NAME = AppIcon;
				CODE_SIGN_IDENTITY = "iPhone Developer: quanlan huang (L4MC53BS3Z)";
				"CODE_SIGN_IDENTITY[sdk=iphoneos*]" = "iPhone Developer: quanlan huang (L4MC53BS3Z)";
				INFOPLIST_FILE = "HiPDA V2/Info.plist";
				IPHONEOS_DEPLOYMENT_TARGET = 8.0;
				LD_RUNPATH_SEARCH_PATHS = "$(inherited) @executable_path/Frameworks";
				PRODUCT_NAME = "$(TARGET_NAME)";
				PROVISIONING_PROFILE = "e9862727-618e-49f8-92c7-c5c8a073428d";
			};
			name = Debug;
		};
		05AB1E901AEA928700D139A1 /* Release */ = {
			isa = XCBuildConfiguration;
			baseConfigurationReference = 52930F4520ED541CFB3FED16 /* Pods.release.xcconfig */;
			buildSettings = {
				ASSETCATALOG_COMPILER_APPICON_NAME = AppIcon;
				CODE_SIGN_IDENTITY = "iPhone Developer: quanlan huang (L4MC53BS3Z)";
				"CODE_SIGN_IDENTITY[sdk=iphoneos*]" = "iPhone Developer: quanlan huang (L4MC53BS3Z)";
				INFOPLIST_FILE = "HiPDA V2/Info.plist";
				IPHONEOS_DEPLOYMENT_TARGET = 8.0;
				LD_RUNPATH_SEARCH_PATHS = "$(inherited) @executable_path/Frameworks";
				PRODUCT_NAME = "$(TARGET_NAME)";
				PROVISIONING_PROFILE = "e9862727-618e-49f8-92c7-c5c8a073428d";
			};
			name = Release;
		};
		05AB1E921AEA928700D139A1 /* Debug */ = {
			isa = XCBuildConfiguration;
			buildSettings = {
				BUNDLE_LOADER = "$(TEST_HOST)";
				FRAMEWORK_SEARCH_PATHS = (
					"$(SDKROOT)/Developer/Library/Frameworks",
					"$(inherited)",
				);
				GCC_PREPROCESSOR_DEFINITIONS = (
					"DEBUG=1",
					"$(inherited)",
				);
				INFOPLIST_FILE = "HiPDA V2Tests/Info.plist";
				LD_RUNPATH_SEARCH_PATHS = "$(inherited) @executable_path/Frameworks @loader_path/Frameworks";
				PRODUCT_NAME = "$(TARGET_NAME)";
				TEST_HOST = "$(BUILT_PRODUCTS_DIR)/HiPDA V2.app/HiPDA V2";
			};
			name = Debug;
		};
		05AB1E931AEA928700D139A1 /* Release */ = {
			isa = XCBuildConfiguration;
			buildSettings = {
				BUNDLE_LOADER = "$(TEST_HOST)";
				FRAMEWORK_SEARCH_PATHS = (
					"$(SDKROOT)/Developer/Library/Frameworks",
					"$(inherited)",
				);
				INFOPLIST_FILE = "HiPDA V2Tests/Info.plist";
				LD_RUNPATH_SEARCH_PATHS = "$(inherited) @executable_path/Frameworks @loader_path/Frameworks";
				PRODUCT_NAME = "$(TARGET_NAME)";
				TEST_HOST = "$(BUILT_PRODUCTS_DIR)/HiPDA V2.app/HiPDA V2";
			};
			name = Release;
		};
/* End XCBuildConfiguration section */

/* Begin XCConfigurationList section */
		05AB1E661AEA928700D139A1 /* Build configuration list for PBXProject "HiPDA V2" */ = {
			isa = XCConfigurationList;
			buildConfigurations = (
				05AB1E8C1AEA928700D139A1 /* Debug */,
				05AB1E8D1AEA928700D139A1 /* Release */,
			);
			defaultConfigurationIsVisible = 0;
			defaultConfigurationName = Release;
		};
		05AB1E8E1AEA928700D139A1 /* Build configuration list for PBXNativeTarget "HiPDA V2" */ = {
			isa = XCConfigurationList;
			buildConfigurations = (
				05AB1E8F1AEA928700D139A1 /* Debug */,
				05AB1E901AEA928700D139A1 /* Release */,
			);
			defaultConfigurationIsVisible = 0;
			defaultConfigurationName = Release;
		};
		05AB1E911AEA928700D139A1 /* Build configuration list for PBXNativeTarget "HiPDA V2Tests" */ = {
			isa = XCConfigurationList;
			buildConfigurations = (
				05AB1E921AEA928700D139A1 /* Debug */,
				05AB1E931AEA928700D139A1 /* Release */,
			);
			defaultConfigurationIsVisible = 0;
			defaultConfigurationName = Release;
		};
/* End XCConfigurationList section */
	};
	rootObject = 05AB1E631AEA928700D139A1 /* Project object */;
}
