// !$*UTF8*$!
{
	archiveVersion = 1;
	classes = {
	};
	objectVersion = 46;
	objects = {

/* Begin PBXBuildFile section */
		059C6FCB1AEB293500E3EBA0 /* LZHHTTPRequestOperationManager.m in Sources */ = {isa = PBXBuildFile; fileRef = 059C6FCA1AEB293500E3EBA0 /* LZHHTTPRequestOperationManager.m */; };
		059C6FCE1AEB2D4C00E3EBA0 /* LZHNetworkFetcher.m in Sources */ = {isa = PBXBuildFile; fileRef = 059C6FCD1AEB2D4C00E3EBA0 /* LZHNetworkFetcher.m */; };
		059C6FD11AEB35DD00E3EBA0 /* NSString+LZHHIPDA.m in Sources */ = {isa = PBXBuildFile; fileRef = 059C6FD01AEB35DD00E3EBA0 /* NSString+LZHHIPDA.m */; };
		059C6FD41AEB3C9400E3EBA0 /* LZHMemCPViewController.m in Sources */ = {isa = PBXBuildFile; fileRef = 059C6FD31AEB3C9400E3EBA0 /* LZHMemCPViewController.m */; };
		059C6FDA1AEB4C7A00E3EBA0 /* LZHThreadViewController.m in Sources */ = {isa = PBXBuildFile; fileRef = 059C6FD91AEB4C7A00E3EBA0 /* LZHThreadViewController.m */; };
		059C6FDD1AEB4E1400E3EBA0 /* LZHSetting.m in Sources */ = {isa = PBXBuildFile; fileRef = 059C6FDC1AEB4E1400E3EBA0 /* LZHSetting.m */; };
		059C6FE01AEB4FD300E3EBA0 /* LZHLoginViewController.m in Sources */ = {isa = PBXBuildFile; fileRef = 059C6FDF1AEB4FD300E3EBA0 /* LZHLoginViewController.m */; };
		059C6FE31AEB658300E3EBA0 /* LZHShowMessage.m in Sources */ = {isa = PBXBuildFile; fileRef = 059C6FE21AEB658300E3EBA0 /* LZHShowMessage.m */; };
		059C6FE61AEB7E6800E3EBA0 /* UIBarButtonItem+ImageItem.m in Sources */ = {isa = PBXBuildFile; fileRef = 059C6FE51AEB7E6800E3EBA0 /* UIBarButtonItem+ImageItem.m */; };
		059C6FE91AEBB5B300E3EBA0 /* LZNotice.m in Sources */ = {isa = PBXBuildFile; fileRef = 059C6FE81AEBB5B300E3EBA0 /* LZNotice.m */; };
		059C70031AEBE08100E3EBA0 /* LZHCookieManager.m in Sources */ = {isa = PBXBuildFile; fileRef = 059C70021AEBE08100E3EBA0 /* LZHCookieManager.m */; };
		059C70061AECB15500E3EBA0 /* LZHThreadTableViewCell.m in Sources */ = {isa = PBXBuildFile; fileRef = 059C70051AECB15500E3EBA0 /* LZHThreadTableViewCell.m */; };
		059C70091AECB52600E3EBA0 /* LZHUser.m in Sources */ = {isa = PBXBuildFile; fileRef = 059C70081AECB52600E3EBA0 /* LZHUser.m */; };
		059C700C1AECB97900E3EBA0 /* LZHBlackList.m in Sources */ = {isa = PBXBuildFile; fileRef = 059C700B1AECB97900E3EBA0 /* LZHBlackList.m */; };
		059C700F1AECB99200E3EBA0 /* LZHReadList.m in Sources */ = {isa = PBXBuildFile; fileRef = 059C700E1AECB99200E3EBA0 /* LZHReadList.m */; };
		059C70121AECBEE200E3EBA0 /* LZHThread.m in Sources */ = {isa = PBXBuildFile; fileRef = 059C70111AECBEE200E3EBA0 /* LZHThread.m */; };
		05AB1E711AEA928700D139A1 /* main.m in Sources */ = {isa = PBXBuildFile; fileRef = 05AB1E701AEA928700D139A1 /* main.m */; };
		05AB1E741AEA928700D139A1 /* AppDelegate.m in Sources */ = {isa = PBXBuildFile; fileRef = 05AB1E731AEA928700D139A1 /* AppDelegate.m */; };
		05AB1E7C1AEA928700D139A1 /* Images.xcassets in Resources */ = {isa = PBXBuildFile; fileRef = 05AB1E7B1AEA928700D139A1 /* Images.xcassets */; };
		05AB1E7F1AEA928700D139A1 /* LaunchScreen.xib in Resources */ = {isa = PBXBuildFile; fileRef = 05AB1E7D1AEA928700D139A1 /* LaunchScreen.xib */; };
		05AB1E8B1AEA928700D139A1 /* HiPDA_V2Tests.m in Sources */ = {isa = PBXBuildFile; fileRef = 05AB1E8A1AEA928700D139A1 /* HiPDA_V2Tests.m */; };
		05AB1E9A1AEA93FA00D139A1 /* LZHAccount.m in Sources */ = {isa = PBXBuildFile; fileRef = 05AB1E991AEA93FA00D139A1 /* LZHAccount.m */; };
		05E69F411AED4489009144F1 /* LZHHtmlParser.m in Sources */ = {isa = PBXBuildFile; fileRef = 05E69F401AED4489009144F1 /* LZHHtmlParser.m */; };
		564F40B18AF81CA936455DAE /* libPods.a in Frameworks */ = {isa = PBXBuildFile; fileRef = 3204824E7083C9E38B376889 /* libPods.a */; };
/* End PBXBuildFile section */

/* Begin PBXContainerItemProxy section */
		05AB1E851AEA928700D139A1 /* PBXContainerItemProxy */ = {
			isa = PBXContainerItemProxy;
			containerPortal = 05AB1E631AEA928700D139A1 /* Project object */;
			proxyType = 1;
			remoteGlobalIDString = 05AB1E6A1AEA928700D139A1;
			remoteInfo = "HiPDA V2";
		};
/* End PBXContainerItemProxy section */

/* Begin PBXFileReference section */
		059C6FC91AEB293500E3EBA0 /* LZHHTTPRequestOperationManager.h */ = {isa = PBXFileReference; fileEncoding = 4; lastKnownFileType = sourcecode.c.h; name = LZHHTTPRequestOperationManager.h; path = Helper/LZHHTTPRequestOperationManager.h; sourceTree = "<group>"; };
		059C6FCA1AEB293500E3EBA0 /* LZHHTTPRequestOperationManager.m */ = {isa = PBXFileReference; fileEncoding = 4; lastKnownFileType = sourcecode.c.objc; name = LZHHTTPRequestOperationManager.m; path = Helper/LZHHTTPRequestOperationManager.m; sourceTree = "<group>"; };
		059C6FCC1AEB2D4C00E3EBA0 /* LZHNetworkFetcher.h */ = {isa = PBXFileReference; fileEncoding = 4; lastKnownFileType = sourcecode.c.h; name = LZHNetworkFetcher.h; path = Helper/LZHNetworkFetcher.h; sourceTree = "<group>"; };
		059C6FCD1AEB2D4C00E3EBA0 /* LZHNetworkFetcher.m */ = {isa = PBXFileReference; fileEncoding = 4; lastKnownFileType = sourcecode.c.objc; name = LZHNetworkFetcher.m; path = Helper/LZHNetworkFetcher.m; sourceTree = "<group>"; };
		059C6FCF1AEB35DD00E3EBA0 /* NSString+LZHHIPDA.h */ = {isa = PBXFileReference; fileEncoding = 4; lastKnownFileType = sourcecode.c.h; name = "NSString+LZHHIPDA.h"; path = "Helper/NSString+LZHHIPDA.h"; sourceTree = "<group>"; };
		059C6FD01AEB35DD00E3EBA0 /* NSString+LZHHIPDA.m */ = {isa = PBXFileReference; fileEncoding = 4; lastKnownFileType = sourcecode.c.objc; name = "NSString+LZHHIPDA.m"; path = "Helper/NSString+LZHHIPDA.m"; sourceTree = "<group>"; };
		059C6FD21AEB3C9400E3EBA0 /* LZHMemCPViewController.h */ = {isa = PBXFileReference; fileEncoding = 4; lastKnownFileType = sourcecode.c.h; name = LZHMemCPViewController.h; path = Controllers/LZHMemCPViewController.h; sourceTree = "<group>"; };
		059C6FD31AEB3C9400E3EBA0 /* LZHMemCPViewController.m */ = {isa = PBXFileReference; fileEncoding = 4; lastKnownFileType = sourcecode.c.objc; name = LZHMemCPViewController.m; path = Controllers/LZHMemCPViewController.m; sourceTree = "<group>"; };
		059C6FD81AEB4C7A00E3EBA0 /* LZHThreadViewController.h */ = {isa = PBXFileReference; fileEncoding = 4; lastKnownFileType = sourcecode.c.h; name = LZHThreadViewController.h; path = Controllers/LZHThreadViewController.h; sourceTree = "<group>"; };
		059C6FD91AEB4C7A00E3EBA0 /* LZHThreadViewController.m */ = {isa = PBXFileReference; fileEncoding = 4; lastKnownFileType = sourcecode.c.objc; name = LZHThreadViewController.m; path = Controllers/LZHThreadViewController.m; sourceTree = "<group>"; };
		059C6FDB1AEB4E1400E3EBA0 /* LZHSetting.h */ = {isa = PBXFileReference; fileEncoding = 4; lastKnownFileType = sourcecode.c.h; name = LZHSetting.h; path = Controllers/LZHSetting.h; sourceTree = "<group>"; };
		059C6FDC1AEB4E1400E3EBA0 /* LZHSetting.m */ = {isa = PBXFileReference; fileEncoding = 4; lastKnownFileType = sourcecode.c.objc; name = LZHSetting.m; path = Controllers/LZHSetting.m; sourceTree = "<group>"; };
		059C6FDE1AEB4FD300E3EBA0 /* LZHLoginViewController.h */ = {isa = PBXFileReference; fileEncoding = 4; lastKnownFileType = sourcecode.c.h; name = LZHLoginViewController.h; path = Controllers/LZHLoginViewController.h; sourceTree = "<group>"; };
		059C6FDF1AEB4FD300E3EBA0 /* LZHLoginViewController.m */ = {isa = PBXFileReference; fileEncoding = 4; lastKnownFileType = sourcecode.c.objc; name = LZHLoginViewController.m; path = Controllers/LZHLoginViewController.m; sourceTree = "<group>"; };
		059C6FE11AEB658300E3EBA0 /* LZHShowMessage.h */ = {isa = PBXFileReference; fileEncoding = 4; lastKnownFileType = sourcecode.c.h; name = LZHShowMessage.h; path = Helper/LZHShowMessage.h; sourceTree = "<group>"; };
		059C6FE21AEB658300E3EBA0 /* LZHShowMessage.m */ = {isa = PBXFileReference; fileEncoding = 4; lastKnownFileType = sourcecode.c.objc; name = LZHShowMessage.m; path = Helper/LZHShowMessage.m; sourceTree = "<group>"; };
		059C6FE41AEB7E6800E3EBA0 /* UIBarButtonItem+ImageItem.h */ = {isa = PBXFileReference; fileEncoding = 4; lastKnownFileType = sourcecode.c.h; name = "UIBarButtonItem+ImageItem.h"; path = "Helper/UIBarButtonItem+ImageItem.h"; sourceTree = "<group>"; };
		059C6FE51AEB7E6800E3EBA0 /* UIBarButtonItem+ImageItem.m */ = {isa = PBXFileReference; fileEncoding = 4; lastKnownFileType = sourcecode.c.objc; name = "UIBarButtonItem+ImageItem.m"; path = "Helper/UIBarButtonItem+ImageItem.m"; sourceTree = "<group>"; };
		059C6FE71AEBB5B300E3EBA0 /* LZNotice.h */ = {isa = PBXFileReference; fileEncoding = 4; lastKnownFileType = sourcecode.c.h; name = LZNotice.h; path = Models/LZNotice.h; sourceTree = "<group>"; };
		059C6FE81AEBB5B300E3EBA0 /* LZNotice.m */ = {isa = PBXFileReference; fileEncoding = 4; lastKnownFileType = sourcecode.c.objc; name = LZNotice.m; path = Models/LZNotice.m; sourceTree = "<group>"; };
		059C70011AEBE08100E3EBA0 /* LZHCookieManager.h */ = {isa = PBXFileReference; fileEncoding = 4; lastKnownFileType = sourcecode.c.h; name = LZHCookieManager.h; path = Helper/LZHCookieManager.h; sourceTree = "<group>"; };
		059C70021AEBE08100E3EBA0 /* LZHCookieManager.m */ = {isa = PBXFileReference; fileEncoding = 4; lastKnownFileType = sourcecode.c.objc; name = LZHCookieManager.m; path = Helper/LZHCookieManager.m; sourceTree = "<group>"; };
		059C70041AECB15500E3EBA0 /* LZHThreadTableViewCell.h */ = {isa = PBXFileReference; fileEncoding = 4; lastKnownFileType = sourcecode.c.h; name = LZHThreadTableViewCell.h; path = Views/LZHThreadTableViewCell.h; sourceTree = "<group>"; };
		059C70051AECB15500E3EBA0 /* LZHThreadTableViewCell.m */ = {isa = PBXFileReference; fileEncoding = 4; lastKnownFileType = sourcecode.c.objc; name = LZHThreadTableViewCell.m; path = Views/LZHThreadTableViewCell.m; sourceTree = "<group>"; };
		059C70071AECB52600E3EBA0 /* LZHUser.h */ = {isa = PBXFileReference; fileEncoding = 4; lastKnownFileType = sourcecode.c.h; name = LZHUser.h; path = Models/LZHUser.h; sourceTree = "<group>"; };
		059C70081AECB52600E3EBA0 /* LZHUser.m */ = {isa = PBXFileReference; fileEncoding = 4; lastKnownFileType = sourcecode.c.objc; name = LZHUser.m; path = Models/LZHUser.m; sourceTree = "<group>"; };
		059C700A1AECB97900E3EBA0 /* LZHBlackList.h */ = {isa = PBXFileReference; fileEncoding = 4; lastKnownFileType = sourcecode.c.h; name = LZHBlackList.h; path = Models/LZHBlackList.h; sourceTree = "<group>"; };
		059C700B1AECB97900E3EBA0 /* LZHBlackList.m */ = {isa = PBXFileReference; fileEncoding = 4; lastKnownFileType = sourcecode.c.objc; name = LZHBlackList.m; path = Models/LZHBlackList.m; sourceTree = "<group>"; };
		059C700D1AECB99200E3EBA0 /* LZHReadList.h */ = {isa = PBXFileReference; fileEncoding = 4; lastKnownFileType = sourcecode.c.h; name = LZHReadList.h; path = Models/LZHReadList.h; sourceTree = "<group>"; };
		059C700E1AECB99200E3EBA0 /* LZHReadList.m */ = {isa = PBXFileReference; fileEncoding = 4; lastKnownFileType = sourcecode.c.objc; name = LZHReadList.m; path = Models/LZHReadList.m; sourceTree = "<group>"; };
		059C70101AECBEE200E3EBA0 /* LZHThread.h */ = {isa = PBXFileReference; fileEncoding = 4; lastKnownFileType = sourcecode.c.h; name = LZHThread.h; path = Models/LZHThread.h; sourceTree = "<group>"; };
		059C70111AECBEE200E3EBA0 /* LZHThread.m */ = {isa = PBXFileReference; fileEncoding = 4; lastKnownFileType = sourcecode.c.objc; name = LZHThread.m; path = Models/LZHThread.m; sourceTree = "<group>"; };
		05AB1E6B1AEA928700D139A1 /* HiPDA V2.app */ = {isa = PBXFileReference; explicitFileType = wrapper.application; includeInIndex = 0; path = "HiPDA V2.app"; sourceTree = BUILT_PRODUCTS_DIR; };
		05AB1E6F1AEA928700D139A1 /* Info.plist */ = {isa = PBXFileReference; lastKnownFileType = text.plist.xml; path = Info.plist; sourceTree = "<group>"; };
		05AB1E701AEA928700D139A1 /* main.m */ = {isa = PBXFileReference; lastKnownFileType = sourcecode.c.objc; path = main.m; sourceTree = "<group>"; };
		05AB1E721AEA928700D139A1 /* AppDelegate.h */ = {isa = PBXFileReference; lastKnownFileType = sourcecode.c.h; path = AppDelegate.h; sourceTree = "<group>"; };
		05AB1E731AEA928700D139A1 /* AppDelegate.m */ = {isa = PBXFileReference; lastKnownFileType = sourcecode.c.objc; path = AppDelegate.m; sourceTree = "<group>"; };
		05AB1E7B1AEA928700D139A1 /* Images.xcassets */ = {isa = PBXFileReference; lastKnownFileType = folder.assetcatalog; path = Images.xcassets; sourceTree = "<group>"; };
		05AB1E7E1AEA928700D139A1 /* Base */ = {isa = PBXFileReference; lastKnownFileType = file.xib; name = Base; path = Base.lproj/LaunchScreen.xib; sourceTree = "<group>"; };
		05AB1E841AEA928700D139A1 /* HiPDA V2Tests.xctest */ = {isa = PBXFileReference; explicitFileType = wrapper.cfbundle; includeInIndex = 0; path = "HiPDA V2Tests.xctest"; sourceTree = BUILT_PRODUCTS_DIR; };
		05AB1E891AEA928700D139A1 /* Info.plist */ = {isa = PBXFileReference; lastKnownFileType = text.plist.xml; path = Info.plist; sourceTree = "<group>"; };
		05AB1E8A1AEA928700D139A1 /* HiPDA_V2Tests.m */ = {isa = PBXFileReference; lastKnownFileType = sourcecode.c.objc; path = HiPDA_V2Tests.m; sourceTree = "<group>"; };
		05AB1E981AEA93FA00D139A1 /* LZHAccount.h */ = {isa = PBXFileReference; fileEncoding = 4; lastKnownFileType = sourcecode.c.h; name = LZHAccount.h; path = Models/LZHAccount.h; sourceTree = "<group>"; };
		05AB1E991AEA93FA00D139A1 /* LZHAccount.m */ = {isa = PBXFileReference; fileEncoding = 4; lastKnownFileType = sourcecode.c.objc; name = LZHAccount.m; path = Models/LZHAccount.m; sourceTree = "<group>"; };
		05E69F3F1AED4489009144F1 /* LZHHtmlParser.h */ = {isa = PBXFileReference; fileEncoding = 4; lastKnownFileType = sourcecode.c.h; name = LZHHtmlParser.h; path = Helper/LZHHtmlParser.h; sourceTree = "<group>"; };
		05E69F401AED4489009144F1 /* LZHHtmlParser.m */ = {isa = PBXFileReference; fileEncoding = 4; lastKnownFileType = sourcecode.c.objc; name = LZHHtmlParser.m; path = Helper/LZHHtmlParser.m; sourceTree = "<group>"; };
		086E26437F1D9A4204BD3A65 /* Pods.debug.xcconfig */ = {isa = PBXFileReference; includeInIndex = 1; lastKnownFileType = text.xcconfig; name = Pods.debug.xcconfig; path = "Pods/Target Support Files/Pods/Pods.debug.xcconfig"; sourceTree = "<group>"; };
		3204824E7083C9E38B376889 /* libPods.a */ = {isa = PBXFileReference; explicitFileType = archive.ar; includeInIndex = 0; path = libPods.a; sourceTree = BUILT_PRODUCTS_DIR; };
		52930F4520ED541CFB3FED16 /* Pods.release.xcconfig */ = {isa = PBXFileReference; includeInIndex = 1; lastKnownFileType = text.xcconfig; name = Pods.release.xcconfig; path = "Pods/Target Support Files/Pods/Pods.release.xcconfig"; sourceTree = "<group>"; };
/* End PBXFileReference section */

/* Begin PBXFrameworksBuildPhase section */
		05AB1E681AEA928700D139A1 /* Frameworks */ = {
			isa = PBXFrameworksBuildPhase;
			buildActionMask = 2147483647;
			files = (
				564F40B18AF81CA936455DAE /* libPods.a in Frameworks */,
			);
			runOnlyForDeploymentPostprocessing = 0;
		};
		05AB1E811AEA928700D139A1 /* Frameworks */ = {
			isa = PBXFrameworksBuildPhase;
			buildActionMask = 2147483647;
			files = (
			);
			runOnlyForDeploymentPostprocessing = 0;
		};
/* End PBXFrameworksBuildPhase section */

/* Begin PBXGroup section */
		05AB1E621AEA928700D139A1 = {
			isa = PBXGroup;
			children = (
				05AB1E6D1AEA928700D139A1 /* HiPDA V2 */,
				05AB1E871AEA928700D139A1 /* HiPDA V2Tests */,
				05AB1E6C1AEA928700D139A1 /* Products */,
				9E75B5391FE64A29E515FB0A /* Pods */,
				B9B19950310AB78A75B2A88C /* Frameworks */,
			);
			sourceTree = "<group>";
		};
		05AB1E6C1AEA928700D139A1 /* Products */ = {
			isa = PBXGroup;
			children = (
				05AB1E6B1AEA928700D139A1 /* HiPDA V2.app */,
				05AB1E841AEA928700D139A1 /* HiPDA V2Tests.xctest */,
			);
			name = Products;
			sourceTree = "<group>";
		};
		05AB1E6D1AEA928700D139A1 /* HiPDA V2 */ = {
			isa = PBXGroup;
			children = (
				05AB1E971AEA93E100D139A1 /* Helper */,
				05AB1E961AEA93DC00D139A1 /* Models */,
				05AB1E951AEA93D700D139A1 /* Views */,
				05AB1E941AEA93CE00D139A1 /* Controllers */,
				05AB1E721AEA928700D139A1 /* AppDelegate.h */,
				05AB1E731AEA928700D139A1 /* AppDelegate.m */,
				05AB1E7B1AEA928700D139A1 /* Images.xcassets */,
				05AB1E7D1AEA928700D139A1 /* LaunchScreen.xib */,
				05AB1E6E1AEA928700D139A1 /* Supporting Files */,
			);
			path = "HiPDA V2";
			sourceTree = "<group>";
		};
		05AB1E6E1AEA928700D139A1 /* Supporting Files */ = {
			isa = PBXGroup;
			children = (
				05AB1E6F1AEA928700D139A1 /* Info.plist */,
				05AB1E701AEA928700D139A1 /* main.m */,
			);
			name = "Supporting Files";
			sourceTree = "<group>";
		};
		05AB1E871AEA928700D139A1 /* HiPDA V2Tests */ = {
			isa = PBXGroup;
			children = (
				05AB1E8A1AEA928700D139A1 /* HiPDA_V2Tests.m */,
				05AB1E881AEA928700D139A1 /* Supporting Files */,
			);
			path = "HiPDA V2Tests";
			sourceTree = "<group>";
		};
		05AB1E881AEA928700D139A1 /* Supporting Files */ = {
			isa = PBXGroup;
			children = (
				05AB1E891AEA928700D139A1 /* Info.plist */,
			);
			name = "Supporting Files";
			sourceTree = "<group>";
		};
		05AB1E941AEA93CE00D139A1 /* Controllers */ = {
			isa = PBXGroup;
			children = (
				059C6FD21AEB3C9400E3EBA0 /* LZHMemCPViewController.h */,
				059C6FD31AEB3C9400E3EBA0 /* LZHMemCPViewController.m */,
				059C6FD81AEB4C7A00E3EBA0 /* LZHThreadViewController.h */,
				059C6FD91AEB4C7A00E3EBA0 /* LZHThreadViewController.m */,
				059C6FDE1AEB4FD300E3EBA0 /* LZHLoginViewController.h */,
				059C6FDF1AEB4FD300E3EBA0 /* LZHLoginViewController.m */,
			);
			name = Controllers;
			sourceTree = "<group>";
		};
		05AB1E951AEA93D700D139A1 /* Views */ = {
			isa = PBXGroup;
			children = (
				059C70041AECB15500E3EBA0 /* LZHThreadTableViewCell.h */,
				059C70051AECB15500E3EBA0 /* LZHThreadTableViewCell.m */,
			);
			name = Views;
			sourceTree = "<group>";
		};
		05AB1E961AEA93DC00D139A1 /* Models */ = {
			isa = PBXGroup;
			children = (
				05AB1E981AEA93FA00D139A1 /* LZHAccount.h */,
				05AB1E991AEA93FA00D139A1 /* LZHAccount.m */,
				059C6FDB1AEB4E1400E3EBA0 /* LZHSetting.h */,
				059C6FDC1AEB4E1400E3EBA0 /* LZHSetting.m */,
				059C6FE71AEBB5B300E3EBA0 /* LZNotice.h */,
				059C6FE81AEBB5B300E3EBA0 /* LZNotice.m */,
				059C70071AECB52600E3EBA0 /* LZHUser.h */,
				059C70081AECB52600E3EBA0 /* LZHUser.m */,
				059C700A1AECB97900E3EBA0 /* LZHBlackList.h */,
				059C700B1AECB97900E3EBA0 /* LZHBlackList.m */,
				059C700D1AECB99200E3EBA0 /* LZHReadList.h */,
				059C700E1AECB99200E3EBA0 /* LZHReadList.m */,
				059C70101AECBEE200E3EBA0 /* LZHThread.h */,
				059C70111AECBEE200E3EBA0 /* LZHThread.m */,
			);
			name = Models;
			sourceTree = "<group>";
		};
		05AB1E971AEA93E100D139A1 /* Helper */ = {
			isa = PBXGroup;
			children = (
				059C6FE41AEB7E6800E3EBA0 /* UIBarButtonItem+ImageItem.h */,
				059C6FE51AEB7E6800E3EBA0 /* UIBarButtonItem+ImageItem.m */,
				059C6FC91AEB293500E3EBA0 /* LZHHTTPRequestOperationManager.h */,
				059C6FCA1AEB293500E3EBA0 /* LZHHTTPRequestOperationManager.m */,
				059C6FCC1AEB2D4C00E3EBA0 /* LZHNetworkFetcher.h */,
				059C6FCD1AEB2D4C00E3EBA0 /* LZHNetworkFetcher.m */,
				059C6FCF1AEB35DD00E3EBA0 /* NSString+LZHHIPDA.h */,
				059C6FD01AEB35DD00E3EBA0 /* NSString+LZHHIPDA.m */,
				059C6FE11AEB658300E3EBA0 /* LZHShowMessage.h */,
				059C6FE21AEB658300E3EBA0 /* LZHShowMessage.m */,
				059C70011AEBE08100E3EBA0 /* LZHCookieManager.h */,
				059C70021AEBE08100E3EBA0 /* LZHCookieManager.m */,
				05E69F3F1AED4489009144F1 /* LZHHtmlParser.h */,
				05E69F401AED4489009144F1 /* LZHHtmlParser.m */,
			);
			name = Helper;
			sourceTree = "<group>";
		};
		9E75B5391FE64A29E515FB0A /* Pods */ = {
			isa = PBXGroup;
			children = (
				086E26437F1D9A4204BD3A65 /* Pods.debug.xcconfig */,
				52930F4520ED541CFB3FED16 /* Pods.release.xcconfig */,
			);
			name = Pods;
			sourceTree = "<group>";
		};
		B9B19950310AB78A75B2A88C /* Frameworks */ = {
			isa = PBXGroup;
			children = (
				3204824E7083C9E38B376889 /* libPods.a */,
			);
			name = Frameworks;
			sourceTree = "<group>";
		};
/* End PBXGroup section */

/* Begin PBXNativeTarget section */
		05AB1E6A1AEA928700D139A1 /* HiPDA V2 */ = {
			isa = PBXNativeTarget;
			buildConfigurationList = 05AB1E8E1AEA928700D139A1 /* Build configuration list for PBXNativeTarget "HiPDA V2" */;
			buildPhases = (
				17320724EF68742EFEED607D /* Check Pods Manifest.lock */,
				05AB1E671AEA928700D139A1 /* Sources */,
				05AB1E681AEA928700D139A1 /* Frameworks */,
				05AB1E691AEA928700D139A1 /* Resources */,
				FE5A53F366488788D0F9E57C /* Copy Pods Resources */,
			);
			buildRules = (
			);
			dependencies = (
			);
			name = "HiPDA V2";
			productName = "HiPDA V2";
			productReference = 05AB1E6B1AEA928700D139A1 /* HiPDA V2.app */;
			productType = "com.apple.product-type.application";
		};
		05AB1E831AEA928700D139A1 /* HiPDA V2Tests */ = {
			isa = PBXNativeTarget;
			buildConfigurationList = 05AB1E911AEA928700D139A1 /* Build configuration list for PBXNativeTarget "HiPDA V2Tests" */;
			buildPhases = (
				05AB1E801AEA928700D139A1 /* Sources */,
				05AB1E811AEA928700D139A1 /* Frameworks */,
				05AB1E821AEA928700D139A1 /* Resources */,
			);
			buildRules = (
			);
			dependencies = (
				05AB1E861AEA928700D139A1 /* PBXTargetDependency */,
			);
			name = "HiPDA V2Tests";
			productName = "HiPDA V2Tests";
			productReference = 05AB1E841AEA928700D139A1 /* HiPDA V2Tests.xctest */;
			productType = "com.apple.product-type.bundle.unit-test";
		};
/* End PBXNativeTarget section */

/* Begin PBXProject section */
		05AB1E631AEA928700D139A1 /* Project object */ = {
			isa = PBXProject;
			attributes = {
				LastUpgradeCheck = 0630;
				ORGANIZATIONNAME = leizh007;
				TargetAttributes = {
					05AB1E6A1AEA928700D139A1 = {
						CreatedOnToolsVersion = 6.3;
					};
					05AB1E831AEA928700D139A1 = {
						CreatedOnToolsVersion = 6.3;
						TestTargetID = 05AB1E6A1AEA928700D139A1;
					};
				};
			};
			buildConfigurationList = 05AB1E661AEA928700D139A1 /* Build configuration list for PBXProject "HiPDA V2" */;
			compatibilityVersion = "Xcode 3.2";
			developmentRegion = English;
			hasScannedForEncodings = 0;
			knownRegions = (
				en,
				Base,
			);
			mainGroup = 05AB1E621AEA928700D139A1;
			productRefGroup = 05AB1E6C1AEA928700D139A1 /* Products */;
			projectDirPath = "";
			projectRoot = "";
			targets = (
				05AB1E6A1AEA928700D139A1 /* HiPDA V2 */,
				05AB1E831AEA928700D139A1 /* HiPDA V2Tests */,
			);
		};
/* End PBXProject section */

/* Begin PBXResourcesBuildPhase section */
		05AB1E691AEA928700D139A1 /* Resources */ = {
			isa = PBXResourcesBuildPhase;
			buildActionMask = 2147483647;
			files = (
				05AB1E7F1AEA928700D139A1 /* LaunchScreen.xib in Resources */,
				05AB1E7C1AEA928700D139A1 /* Images.xcassets in Resources */,
			);
			runOnlyForDeploymentPostprocessing = 0;
		};
		05AB1E821AEA928700D139A1 /* Resources */ = {
			isa = PBXResourcesBuildPhase;
			buildActionMask = 2147483647;
			files = (
			);
			runOnlyForDeploymentPostprocessing = 0;
		};
/* End PBXResourcesBuildPhase section */

/* Begin PBXShellScriptBuildPhase section */
		17320724EF68742EFEED607D /* Check Pods Manifest.lock */ = {
			isa = PBXShellScriptBuildPhase;
			buildActionMask = 2147483647;
			files = (
			);
			inputPaths = (
			);
			name = "Check Pods Manifest.lock";
			outputPaths = (
			);
			runOnlyForDeploymentPostprocessing = 0;
			shellPath = /bin/sh;
			shellScript = "diff \"${PODS_ROOT}/../Podfile.lock\" \"${PODS_ROOT}/Manifest.lock\" > /dev/null\nif [[ $? != 0 ]] ; then\n    cat << EOM\nerror: The sandbox is not in sync with the Podfile.lock. Run 'pod install' or update your CocoaPods installation.\nEOM\n    exit 1\nfi\n";
			showEnvVarsInLog = 0;
		};
		FE5A53F366488788D0F9E57C /* Copy Pods Resources */ = {
			isa = PBXShellScriptBuildPhase;
			buildActionMask = 2147483647;
			files = (
			);
			inputPaths = (
			);
			name = "Copy Pods Resources";
			outputPaths = (
			);
			runOnlyForDeploymentPostprocessing = 0;
			shellPath = /bin/sh;
			shellScript = "\"${SRCROOT}/Pods/Target Support Files/Pods/Pods-resources.sh\"\n";
			showEnvVarsInLog = 0;
		};
/* End PBXShellScriptBuildPhase section */

/* Begin PBXSourcesBuildPhase section */
		05AB1E671AEA928700D139A1 /* Sources */ = {
			isa = PBXSourcesBuildPhase;
			buildActionMask = 2147483647;
			files = (
				059C70061AECB15500E3EBA0 /* LZHThreadTableViewCell.m in Sources */,
				059C70091AECB52600E3EBA0 /* LZHUser.m in Sources */,
				059C6FCB1AEB293500E3EBA0 /* LZHHTTPRequestOperationManager.m in Sources */,
				059C6FDA1AEB4C7A00E3EBA0 /* LZHThreadViewController.m in Sources */,
				059C6FE31AEB658300E3EBA0 /* LZHShowMessage.m in Sources */,
				05AB1E741AEA928700D139A1 /* AppDelegate.m in Sources */,
				05AB1E9A1AEA93FA00D139A1 /* LZHAccount.m in Sources */,
				059C6FDD1AEB4E1400E3EBA0 /* LZHSetting.m in Sources */,
				059C70031AEBE08100E3EBA0 /* LZHCookieManager.m in Sources */,
				059C6FE01AEB4FD300E3EBA0 /* LZHLoginViewController.m in Sources */,
				059C70121AECBEE200E3EBA0 /* LZHThread.m in Sources */,
				059C700F1AECB99200E3EBA0 /* LZHReadList.m in Sources */,
				059C6FD11AEB35DD00E3EBA0 /* NSString+LZHHIPDA.m in Sources */,
				05AB1E711AEA928700D139A1 /* main.m in Sources */,
				05E69F411AED4489009144F1 /* LZHHtmlParser.m in Sources */,
				059C6FE61AEB7E6800E3EBA0 /* UIBarButtonItem+ImageItem.m in Sources */,
				059C6FCE1AEB2D4C00E3EBA0 /* LZHNetworkFetcher.m in Sources */,
				059C6FE91AEBB5B300E3EBA0 /* LZNotice.m in Sources */,
				059C700C1AECB97900E3EBA0 /* LZHBlackList.m in Sources */,
				059C6FD41AEB3C9400E3EBA0 /* LZHMemCPViewController.m in Sources */,
			);
			runOnlyForDeploymentPostprocessing = 0;
		};
		05AB1E801AEA928700D139A1 /* Sources */ = {
			isa = PBXSourcesBuildPhase;
			buildActionMask = 2147483647;
			files = (
				05AB1E8B1AEA928700D139A1 /* HiPDA_V2Tests.m in Sources */,
			);
			runOnlyForDeploymentPostprocessing = 0;
		};
/* End PBXSourcesBuildPhase section */

/* Begin PBXTargetDependency section */
		05AB1E861AEA928700D139A1 /* PBXTargetDependency */ = {
			isa = PBXTargetDependency;
			target = 05AB1E6A1AEA928700D139A1 /* HiPDA V2 */;
			targetProxy = 05AB1E851AEA928700D139A1 /* PBXContainerItemProxy */;
		};
/* End PBXTargetDependency section */

/* Begin PBXVariantGroup section */
		05AB1E7D1AEA928700D139A1 /* LaunchScreen.xib */ = {
			isa = PBXVariantGroup;
			children = (
				05AB1E7E1AEA928700D139A1 /* Base */,
			);
			name = LaunchScreen.xib;
			sourceTree = "<group>";
		};
/* End PBXVariantGroup section */

/* Begin XCBuildConfiguration section */
		05AB1E8C1AEA928700D139A1 /* Debug */ = {
			isa = XCBuildConfiguration;
			buildSettings = {
				ALWAYS_SEARCH_USER_PATHS = NO;
				CLANG_CXX_LANGUAGE_STANDARD = "gnu++0x";
				CLANG_CXX_LIBRARY = "libc++";
				CLANG_ENABLE_MODULES = YES;
				CLANG_ENABLE_OBJC_ARC = YES;
				CLANG_WARN_BOOL_CONVERSION = YES;
				CLANG_WARN_CONSTANT_CONVERSION = YES;
				CLANG_WARN_DIRECT_OBJC_ISA_USAGE = YES_ERROR;
				CLANG_WARN_EMPTY_BODY = YES;
				CLANG_WARN_ENUM_CONVERSION = YES;
				CLANG_WARN_INT_CONVERSION = YES;
				CLANG_WARN_OBJC_ROOT_CLASS = YES_ERROR;
				CLANG_WARN_UNREACHABLE_CODE = YES;
				CLANG_WARN__DUPLICATE_METHOD_MATCH = YES;
				"CODE_SIGN_IDENTITY[sdk=iphoneos*]" = "iPhone Developer";
				COPY_PHASE_STRIP = NO;
				DEBUG_INFORMATION_FORMAT = "dwarf-with-dsym";
				ENABLE_STRICT_OBJC_MSGSEND = YES;
				GCC_C_LANGUAGE_STANDARD = gnu99;
				GCC_DYNAMIC_NO_PIC = NO;
				GCC_NO_COMMON_BLOCKS = YES;
				GCC_OPTIMIZATION_LEVEL = 0;
				GCC_PREPROCESSOR_DEFINITIONS = (
					"DEBUG=1",
					"$(inherited)",
				);
				GCC_SYMBOLS_PRIVATE_EXTERN = NO;
				GCC_WARN_64_TO_32_BIT_CONVERSION = YES;
				GCC_WARN_ABOUT_RETURN_TYPE = YES_ERROR;
				GCC_WARN_UNDECLARED_SELECTOR = YES;
				GCC_WARN_UNINITIALIZED_AUTOS = YES_AGGRESSIVE;
				GCC_WARN_UNUSED_FUNCTION = YES;
				GCC_WARN_UNUSED_VARIABLE = YES;
				IPHONEOS_DEPLOYMENT_TARGET = 8.3;
				MTL_ENABLE_DEBUG_INFO = YES;
				ONLY_ACTIVE_ARCH = YES;
				SDKROOT = iphoneos;
			};
			name = Debug;
		};
		05AB1E8D1AEA928700D139A1 /* Release */ = {
			isa = XCBuildConfiguration;
			buildSettings = {
				ALWAYS_SEARCH_USER_PATHS = NO;
				CLANG_CXX_LANGUAGE_STANDARD = "gnu++0x";
				CLANG_CXX_LIBRARY = "libc++";
				CLANG_ENABLE_MODULES = YES;
				CLANG_ENABLE_OBJC_ARC = YES;
				CLANG_WARN_BOOL_CONVERSION = YES;
				CLANG_WARN_CONSTANT_CONVERSION = YES;
				CLANG_WARN_DIRECT_OBJC_ISA_USAGE = YES_ERROR;
				CLANG_WARN_EMPTY_BODY = YES;
				CLANG_WARN_ENUM_CONVERSION = YES;
				CLANG_WARN_INT_CONVERSION = YES;
				CLANG_WARN_OBJC_ROOT_CLASS = YES_ERROR;
				CLANG_WARN_UNREACHABLE_CODE = YES;
				CLANG_WARN__DUPLICATE_METHOD_MATCH = YES;
				"CODE_SIGN_IDENTITY[sdk=iphoneos*]" = "iPhone Developer";
				COPY_PHASE_STRIP = NO;
				DEBUG_INFORMATION_FORMAT = "dwarf-with-dsym";
				ENABLE_NS_ASSERTIONS = NO;
				ENABLE_STRICT_OBJC_MSGSEND = YES;
				GCC_C_LANGUAGE_STANDARD = gnu99;
				GCC_NO_COMMON_BLOCKS = YES;
				GCC_WARN_64_TO_32_BIT_CONVERSION = YES;
				GCC_WARN_ABOUT_RETURN_TYPE = YES_ERROR;
				GCC_WARN_UNDECLARED_SELECTOR = YES;
				GCC_WARN_UNINITIALIZED_AUTOS = YES_AGGRESSIVE;
				GCC_WARN_UNUSED_FUNCTION = YES;
				GCC_WARN_UNUSED_VARIABLE = YES;
				IPHONEOS_DEPLOYMENT_TARGET = 8.3;
				MTL_ENABLE_DEBUG_INFO = NO;
				SDKROOT = iphoneos;
				VALIDATE_PRODUCT = YES;
			};
			name = Release;
		};
		05AB1E8F1AEA928700D139A1 /* Debug */ = {
			isa = XCBuildConfiguration;
			baseConfigurationReference = 086E26437F1D9A4204BD3A65 /* Pods.debug.xcconfig */;
			buildSettings = {
				ASSETCATALOG_COMPILER_APPICON_NAME = AppIcon;
				CODE_SIGN_IDENTITY = "iPhone Developer: quanlan huang (L4MC53BS3Z)";
				"CODE_SIGN_IDENTITY[sdk=iphoneos*]" = "iPhone Developer: quanlan huang (L4MC53BS3Z)";
				INFOPLIST_FILE = "HiPDA V2/Info.plist";
				IPHONEOS_DEPLOYMENT_TARGET = 8.0;
				LD_RUNPATH_SEARCH_PATHS = "$(inherited) @executable_path/Frameworks";
				PRODUCT_NAME = "$(TARGET_NAME)";
				PROVISIONING_PROFILE = "e9862727-618e-49f8-92c7-c5c8a073428d";
			};
			name = Debug;
		};
		05AB1E901AEA928700D139A1 /* Release */ = {
			isa = XCBuildConfiguration;
			baseConfigurationReference = 52930F4520ED541CFB3FED16 /* Pods.release.xcconfig */;
			buildSettings = {
				ASSETCATALOG_COMPILER_APPICON_NAME = AppIcon;
				CODE_SIGN_IDENTITY = "iPhone Developer: quanlan huang (L4MC53BS3Z)";
				"CODE_SIGN_IDENTITY[sdk=iphoneos*]" = "iPhone Developer: quanlan huang (L4MC53BS3Z)";
				INFOPLIST_FILE = "HiPDA V2/Info.plist";
				IPHONEOS_DEPLOYMENT_TARGET = 8.0;
				LD_RUNPATH_SEARCH_PATHS = "$(inherited) @executable_path/Frameworks";
				PRODUCT_NAME = "$(TARGET_NAME)";
				PROVISIONING_PROFILE = "e9862727-618e-49f8-92c7-c5c8a073428d";
			};
			name = Release;
		};
		05AB1E921AEA928700D139A1 /* Debug */ = {
			isa = XCBuildConfiguration;
			buildSettings = {
				BUNDLE_LOADER = "$(TEST_HOST)";
				FRAMEWORK_SEARCH_PATHS = (
					"$(SDKROOT)/Developer/Library/Frameworks",
					"$(inherited)",
				);
				GCC_PREPROCESSOR_DEFINITIONS = (
					"DEBUG=1",
					"$(inherited)",
				);
				INFOPLIST_FILE = "HiPDA V2Tests/Info.plist";
				LD_RUNPATH_SEARCH_PATHS = "$(inherited) @executable_path/Frameworks @loader_path/Frameworks";
				PRODUCT_NAME = "$(TARGET_NAME)";
				TEST_HOST = "$(BUILT_PRODUCTS_DIR)/HiPDA V2.app/HiPDA V2";
			};
			name = Debug;
		};
		05AB1E931AEA928700D139A1 /* Release */ = {
			isa = XCBuildConfiguration;
			buildSettings = {
				BUNDLE_LOADER = "$(TEST_HOST)";
				FRAMEWORK_SEARCH_PATHS = (
					"$(SDKROOT)/Developer/Library/Frameworks",
					"$(inherited)",
				);
				INFOPLIST_FILE = "HiPDA V2Tests/Info.plist";
				LD_RUNPATH_SEARCH_PATHS = "$(inherited) @executable_path/Frameworks @loader_path/Frameworks";
				PRODUCT_NAME = "$(TARGET_NAME)";
				TEST_HOST = "$(BUILT_PRODUCTS_DIR)/HiPDA V2.app/HiPDA V2";
			};
			name = Release;
		};
/* End XCBuildConfiguration section */

/* Begin XCConfigurationList section */
		05AB1E661AEA928700D139A1 /* Build configuration list for PBXProject "HiPDA V2" */ = {
			isa = XCConfigurationList;
			buildConfigurations = (
				05AB1E8C1AEA928700D139A1 /* Debug */,
				05AB1E8D1AEA928700D139A1 /* Release */,
			);
			defaultConfigurationIsVisible = 0;
			defaultConfigurationName = Release;
		};
		05AB1E8E1AEA928700D139A1 /* Build configuration list for PBXNativeTarget "HiPDA V2" */ = {
			isa = XCConfigurationList;
			buildConfigurations = (
				05AB1E8F1AEA928700D139A1 /* Debug */,
				05AB1E901AEA928700D139A1 /* Release */,
			);
			defaultConfigurationIsVisible = 0;
			defaultConfigurationName = Release;
		};
		05AB1E911AEA928700D139A1 /* Build configuration list for PBXNativeTarget "HiPDA V2Tests" */ = {
			isa = XCConfigurationList;
			buildConfigurations = (
				05AB1E921AEA928700D139A1 /* Debug */,
				05AB1E931AEA928700D139A1 /* Release */,
			);
			defaultConfigurationIsVisible = 0;
			defaultConfigurationName = Release;
		};
/* End XCConfigurationList section */
	};
	rootObject = 05AB1E631AEA928700D139A1 /* Project object */;
}
