PODS:
  - Alamofire (3.4.1)
  - Crashlytics (3.7.1):
    - Fabric (~> 1.6.3)
  - Fabric (1.6.7)
  - FLEX (2.3.0)
  - Moya (6.5.0):
    - Moya/Core (= 6.5.0)
  - Moya/Core (6.5.0):
    - Alamofire (~> 3.0)
    - Result (~> 2.0)
  - Moya/RxSwift (6.5.0):
    - Moya/Core
    - RxSwift (~> 2.0)
  - Result (2.0.0)
  - Reveal-iOS-SDK (1.6.2)
  - RxCocoa (2.5.0):
    - RxSwift (~> 2.5)
  - RxSwift (2.5.0)
  - SSKeychain (1.4.0)

DEPENDENCIES:
  - Crashlytics
  - Fabric
  - FLEX
  - Moya
  - Moya/RxSwift
  - Reveal-iOS-SDK
  - RxCocoa
  - RxSwift
  - SSKeychain

SPEC CHECKSUMS:
  Alamofire: 01a82e2f6c0f860ade35534c8dd88be61bdef40c
  Crashlytics: 3cdd4c9655be68032a0cf0379e0fb5ef6af22cad
  Fabric: caf7580c725e64db144f610ac65cd60956911dc7
  FLEX: ba80ea13d2c784e85e616137fd4eff164781e364
  Moya: f7a4044719381cc6299f9ad3e0ef05f426f0557b
  Result: 9e75e1111c774c6ac594e14907b15057053a7959
  Reveal-iOS-SDK: e2250b3c155bcfac53ae223ddc1f76d08f206c33
  RxCocoa: e1b1562e57a554d0fb2aabf9d71b637f177257c7
  RxSwift: 402b41a50e922a0368fc14cb3bc9f4427920e8ae
  SSKeychain: c71293fa57216a40ab06c23f4085387583293de4

PODFILE CHECKSUM: 69c906823b5e649b8d7c15545e1cd6494fed863e

COCOAPODS: 1.0.0
